{
  "version": 4,
  "terraform_version": "1.10.5",
  "serial": 341,
  "lineage": "3ed3c8e9-7788-0d47-b9f1-637177ef2ecf",
  "outputs": {
    "docker_vip_addr": {
      "value": {
        "address": "10.32.6.149",
        "all_tags": [],
        "description": "",
        "dns_domain": "",
        "dns_name": "",
        "fixed_ip": "192.168.254.21",
        "id": "ffa638d2-7367-4cf4-baca-fa3d059217d0",
        "pool": "ext_net",
        "port_id": "953bc64f-71a5-4485-9696-606f265fc4ea",
        "region": "RegionOne",
        "subnet_id": null,
        "subnet_ids": null,
        "tags": null,
        "tenant_id": "12d2cf68600f4cb784ec52fa5281447e",
        "timeouts": null,
        "value_specs": null
      },
      "type": [
        "object",
        {
          "address": "string",
          "all_tags": [
            "set",
            "string"
          ],
          "description": "string",
          "dns_domain": "string",
          "dns_name": "string",
          "fixed_ip": "string",
          "id": "string",
          "pool": "string",
          "port_id": "string",
          "region": "string",
          "subnet_id": "string",
          "subnet_ids": [
            "list",
            "string"
          ],
          "tags": [
            "set",
            "string"
          ],
          "tenant_id": "string",
          "timeouts": [
            "object",
            {
              "create": "string",
              "delete": "string"
            }
          ],
          "value_specs": [
            "map",
            "string"
          ]
        }
      ]
    }
  },
  "resources": [
    {
      "mode": "data",
      "type": "openstack_networking_port_v2",
      "name": "port-1",
      "provider": "provider[\"registry.terraform.io/terraform-provider-openstack/openstack\"]",
      "instances": [
        {
          "schema_version": 0,
          "attributes": {
            "admin_state_up": true,
            "all_fixed_ips": [
              "192.168.254.21"
            ],
            "all_security_group_ids": [
              "3a994aa3-acff-46b8-afcc-cedac9ba2e38"
            ],
            "all_tags": [],
            "allowed_address_pairs": [],
            "binding": [
              {
                "host_id": "",
                "profile": "",
                "vif_details": {},
                "vif_type": "",
                "vnic_type": "normal"
              }
            ],
            "description": "",
            "device_id": "b0ada649-dea1-445c-b6d2-d9f5a7764dc4",
            "device_owner": "compute:nova",
            "dns_assignment": [],
            "dns_name": "",
            "extra_dhcp_option": [],
            "fixed_ip": "192.168.254.21",
            "id": "953bc64f-71a5-4485-9696-606f265fc4ea",
            "mac_address": "fa:16:3e:69:90:48",
            "name": "port_node-1",
            "network_id": "6800428f-4187-4eac-ba12-54ecfc95fb12",
            "port_id": "953bc64f-71a5-4485-9696-606f265fc4ea",
            "project_id": "12d2cf68600f4cb784ec52fa5281447e",
            "region": "RegionOne",
            "security_group_ids": null,
            "status": null,
            "tags": null,
            "tenant_id": "12d2cf68600f4cb784ec52fa5281447e"
          },
          "sensitive_attributes": []
        }
      ]
    },
    {
      "mode": "data",
      "type": "openstack_networking_router_v2",
      "name": "router-1",
      "provider": "provider[\"registry.terraform.io/terraform-provider-openstack/openstack\"]",
      "instances": [
        {
          "schema_version": 0,
          "attributes": {
            "admin_state_up": true,
            "all_tags": [],
            "availability_zone_hints": [],
            "description": "",
            "distributed": false,
            "enable_snat": true,
            "external_fixed_ip": [
              {
                "ip_address": "10.32.6.90",
                "subnet_id": "8a92550a-de9d-458b-a81a-bb75e9713de3"
              }
            ],
            "external_network_id": "6f530989-999a-49e6-9197-8a33ae7bfce7",
            "id": "c4de82ec-9ee6-46f7-8393-59e4dabafa8c",
            "name": "CloudServ6-router",
            "region": "RegionOne",
            "router_id": null,
            "status": "ACTIVE",
            "tags": null,
            "tenant_id": "12d2cf68600f4cb784ec52fa5281447e"
          },
          "sensitive_attributes": []
        }
      ]
    },
    {
      "mode": "managed",
      "type": "openstack_compute_instance_v2",
      "name": "management",
      "provider": "provider[\"registry.terraform.io/terraform-provider-openstack/openstack\"]",
      "instances": [
        {
          "schema_version": 0,
          "attributes": {
            "access_ip_v4": "192.168.254.10",
            "access_ip_v6": "",
            "admin_pass": null,
            "all_metadata": {},
            "all_tags": [],
            "availability_zone": "nova",
            "availability_zone_hints": null,
            "block_device": [],
            "config_drive": null,
            "created": "2025-01-27 14:44:53 +0000 UTC",
            "flavor_id": "2",
            "flavor_name": "m1.small",
            "force_delete": false,
            "id": "09e26e7c-e8cb-45b2-8f62-88e966b71ecd",
            "image_id": "1404d277-1fd2-4682-9fbd-80c7d05b80e1",
            "image_name": "ubuntu-22.04-jammy-server-cloud-image-amd64",
            "key_pair": "projectone",
            "metadata": null,
            "name": "mgmt",
            "network": [
              {
                "access_network": false,
                "fixed_ip_v4": "192.168.254.10",
                "fixed_ip_v6": "",
                "mac": "fa:16:3e:0b:ca:1a",
                "name": "projekt-net",
                "port": "b8d19c6b-802d-45bf-9675-efa17619c27e",
                "uuid": "6800428f-4187-4eac-ba12-54ecfc95fb12"
              }
            ],
            "network_mode": null,
            "personality": [],
            "power_state": "active",
            "region": "RegionOne",
            "scheduler_hints": [],
            "security_groups": [
              "Konstruct-secgroup"
            ],
            "stop_before_destroy": false,
            "tags": null,
            "timeouts": null,
            "updated": "2025-01-27 14:45:03 +0000 UTC",
            "user_data": "7c0616c1bcf5a01b34a81f37cd2616e6e580f1a4",
            "vendor_options": []
          },
          "sensitive_attributes": [
            [
              {
                "type": "get_attr",
                "value": "admin_pass"
              }
            ]
          ],
          "private": "eyJlMmJmYjczMC1lY2FhLTExZTYtOGY4OC0zNDM2M2JjN2M0YzAiOnsiY3JlYXRlIjoxODAwMDAwMDAwMDAwLCJkZWxldGUiOjE4MDAwMDAwMDAwMDAsInVwZGF0ZSI6MTgwMDAwMDAwMDAwMH19",
          "dependencies": [
            "openstack_compute_keypair_v2.terraform-keypair",
            "openstack_networking_network_v2.terraform-network-1",
            "openstack_networking_port_v2.port_mgmt",
            "openstack_networking_secgroup_v2.terraform-secgroup",
            "openstack_networking_subnet_v2.terraform-subnet-1"
          ]
        }
      ]
    },
    {
      "mode": "managed",
      "type": "openstack_compute_instance_v2",
      "name": "node1",
      "provider": "provider[\"registry.terraform.io/terraform-provider-openstack/openstack\"]",
      "instances": [
        {
          "schema_version": 0,
          "attributes": {
            "access_ip_v4": "192.168.254.21",
            "access_ip_v6": "",
            "admin_pass": null,
            "all_metadata": {},
            "all_tags": [],
            "availability_zone": "nova",
            "availability_zone_hints": null,
            "block_device": [],
            "config_drive": null,
            "created": "2025-01-27 14:44:52 +0000 UTC",
            "flavor_id": "2",
            "flavor_name": "m1.small",
            "force_delete": false,
            "id": "b0ada649-dea1-445c-b6d2-d9f5a7764dc4",
            "image_id": "1404d277-1fd2-4682-9fbd-80c7d05b80e1",
            "image_name": "ubuntu-22.04-jammy-server-cloud-image-amd64",
            "key_pair": "projectone",
            "metadata": null,
            "name": "node1",
            "network": [
              {
                "access_network": false,
                "fixed_ip_v4": "192.168.254.21",
                "fixed_ip_v6": "",
                "mac": "fa:16:3e:69:90:48",
                "name": "projekt-net",
                "port": "953bc64f-71a5-4485-9696-606f265fc4ea",
                "uuid": "6800428f-4187-4eac-ba12-54ecfc95fb12"
              }
            ],
            "network_mode": null,
            "personality": [],
            "power_state": "active",
            "region": "RegionOne",
            "scheduler_hints": [],
            "security_groups": [
              "Konstruct-secgroup"
            ],
            "stop_before_destroy": false,
            "tags": null,
            "timeouts": null,
            "updated": "2025-01-27 14:45:01 +0000 UTC",
            "user_data": "0db60e5a63fa62ac3175d42ed06c268b245605ae",
            "vendor_options": []
          },
          "sensitive_attributes": [
            [
              {
                "type": "get_attr",
                "value": "admin_pass"
              }
            ]
          ],
          "private": "eyJlMmJmYjczMC1lY2FhLTExZTYtOGY4OC0zNDM2M2JjN2M0YzAiOnsiY3JlYXRlIjoxODAwMDAwMDAwMDAwLCJkZWxldGUiOjE4MDAwMDAwMDAwMDAsInVwZGF0ZSI6MTgwMDAwMDAwMDAwMH19",
          "dependencies": [
            "openstack_compute_keypair_v2.terraform-keypair",
            "openstack_networking_network_v2.terraform-network-1",
            "openstack_networking_port_v2.port_node-1",
            "openstack_networking_secgroup_v2.terraform-secgroup",
            "openstack_networking_subnet_v2.terraform-subnet-1"
          ]
        }
      ]
    },
    {
      "mode": "managed",
      "type": "openstack_compute_instance_v2",
      "name": "node2",
      "provider": "provider[\"registry.terraform.io/terraform-provider-openstack/openstack\"]",
      "instances": [
        {
          "schema_version": 0,
          "attributes": {
            "access_ip_v4": "192.168.254.22",
            "access_ip_v6": "",
            "admin_pass": null,
            "all_metadata": {},
            "all_tags": [],
            "availability_zone": "nova",
            "availability_zone_hints": null,
            "block_device": [],
            "config_drive": null,
            "created": "2025-01-27 14:44:53 +0000 UTC",
            "flavor_id": "2",
            "flavor_name": "m1.small",
            "force_delete": false,
            "id": "10c74abb-a732-44bb-9960-47d90dc8023c",
            "image_id": "1404d277-1fd2-4682-9fbd-80c7d05b80e1",
            "image_name": "ubuntu-22.04-jammy-server-cloud-image-amd64",
            "key_pair": "projectone",
            "metadata": null,
            "name": "node2",
            "network": [
              {
                "access_network": false,
                "fixed_ip_v4": "192.168.254.22",
                "fixed_ip_v6": "",
                "mac": "fa:16:3e:a6:ea:49",
                "name": "projekt-net",
                "port": "ed964b92-d4a2-41cc-9b02-f0b38acde70e",
                "uuid": "6800428f-4187-4eac-ba12-54ecfc95fb12"
              }
            ],
            "network_mode": null,
            "personality": [],
            "power_state": "active",
            "region": "RegionOne",
            "scheduler_hints": [],
            "security_groups": [
              "Konstruct-secgroup"
            ],
            "stop_before_destroy": false,
            "tags": null,
            "timeouts": null,
            "updated": "2025-01-27 14:45:03 +0000 UTC",
            "user_data": "86237ca389748e18416c43400c2315fd56237c99",
            "vendor_options": []
          },
          "sensitive_attributes": [
            [
              {
                "type": "get_attr",
                "value": "admin_pass"
              }
            ]
          ],
          "private": "eyJlMmJmYjczMC1lY2FhLTExZTYtOGY4OC0zNDM2M2JjN2M0YzAiOnsiY3JlYXRlIjoxODAwMDAwMDAwMDAwLCJkZWxldGUiOjE4MDAwMDAwMDAwMDAsInVwZGF0ZSI6MTgwMDAwMDAwMDAwMH19",
          "dependencies": [
            "openstack_compute_keypair_v2.terraform-keypair",
            "openstack_networking_network_v2.terraform-network-1",
            "openstack_networking_port_v2.port_node-2",
            "openstack_networking_secgroup_v2.terraform-secgroup",
            "openstack_networking_subnet_v2.terraform-subnet-1"
          ]
        }
      ]
    },
    {
      "mode": "managed",
      "type": "openstack_compute_instance_v2",
      "name": "node3",
      "provider": "provider[\"registry.terraform.io/terraform-provider-openstack/openstack\"]",
      "instances": [
        {
          "schema_version": 0,
          "attributes": {
            "access_ip_v4": "192.168.254.23",
            "access_ip_v6": "",
            "admin_pass": null,
            "all_metadata": {},
            "all_tags": [],
            "availability_zone": "nova",
            "availability_zone_hints": null,
            "block_device": [],
            "config_drive": null,
            "created": "2025-01-27 14:44:52 +0000 UTC",
            "flavor_id": "2",
            "flavor_name": "m1.small",
            "force_delete": false,
            "id": "b2be4d60-e049-44e9-af08-fe14ebdd8e17",
            "image_id": "1404d277-1fd2-4682-9fbd-80c7d05b80e1",
            "image_name": "ubuntu-22.04-jammy-server-cloud-image-amd64",
            "key_pair": "projectone",
            "metadata": null,
            "name": "node3",
            "network": [
              {
                "access_network": false,
                "fixed_ip_v4": "192.168.254.23",
                "fixed_ip_v6": "",
                "mac": "fa:16:3e:3c:7f:06",
                "name": "projekt-net",
                "port": "da71ece7-6367-494e-9b82-f115fa22a159",
                "uuid": "6800428f-4187-4eac-ba12-54ecfc95fb12"
              }
            ],
            "network_mode": null,
            "personality": [],
            "power_state": "active",
            "region": "RegionOne",
            "scheduler_hints": [],
            "security_groups": [
              "Konstruct-secgroup"
            ],
            "stop_before_destroy": false,
            "tags": null,
            "timeouts": null,
            "updated": "2025-01-27 14:45:01 +0000 UTC",
            "user_data": "069b0fc79a84f8a0c53d2fbacf0a9b248c84792d",
            "vendor_options": []
          },
          "sensitive_attributes": [
            [
              {
                "type": "get_attr",
                "value": "admin_pass"
              }
            ]
          ],
          "private": "eyJlMmJmYjczMC1lY2FhLTExZTYtOGY4OC0zNDM2M2JjN2M0YzAiOnsiY3JlYXRlIjoxODAwMDAwMDAwMDAwLCJkZWxldGUiOjE4MDAwMDAwMDAwMDAsInVwZGF0ZSI6MTgwMDAwMDAwMDAwMH19",
          "dependencies": [
            "openstack_compute_keypair_v2.terraform-keypair",
            "openstack_networking_network_v2.terraform-network-1",
            "openstack_networking_port_v2.port_node-3",
            "openstack_networking_secgroup_v2.terraform-secgroup",
            "openstack_networking_subnet_v2.terraform-subnet-1"
          ]
        }
      ]
    },
    {
      "mode": "managed",
      "type": "openstack_compute_keypair_v2",
      "name": "terraform-keypair",
      "provider": "provider[\"registry.terraform.io/terraform-provider-openstack/openstack\"]",
      "instances": [
        {
          "schema_version": 0,
          "attributes": {
            "fingerprint": "b0:5a:b8:5f:5a:b3:7a:2e:3f:14:ab:21:c1:6d:be:33",
            "id": "projectone",
            "name": "projectone",
            "private_key": "-----BEGIN RSA PRIVATE KEY-----\nMIIEowIBAAKCAQEA1zkMxh63B0iPTOCKLqMvv/L6a6aAFjEDmA+/2ZJ8V2wxxd3x\nGmwQfiULEyJ6Jdp1+BlrT8gki2sZdAy7ZF6ay+Zb2A6MBmMdl292v9Fe+M1Sask8\nUVlOmOmz3hPuGcFwY9wuPV9X84nwER0S8iiWiOwVJ+RepW6ZZ9h8EpmQ08lQCy41\nBwpRoGl2goXjnDwE5wQG06MFIvrKOsaFJuMySbHa0q0sgzurDNQ0cQPdA5hPunC7\nUg82C+GCcPUb48CwbVDBreZ+uwBXUyYdO3QtDCuLNat0dToj2VczJmLrqXwDe2Ky\nG4RJLW8U/nE7kX1H6TVstgDvQh2AqfHlcZuD+QIDAQABAoIBAA9JZSZ1pt88peMF\nEtjdAeaoHJCEtGspwufW0d64uHNhgwfbFlrfq0HjzILTgNS194mY9/CO1nD++Svv\nPeh942WmqxuFmFKu0RABHIXjhOj2n8s9F7dDzjZEaTXATs85AwwwvCm4ny+0Oonj\nTwXGC2qBHD/ns6+b6LJXI87oEJZI6vGwyFv5y559/LqSbiWjqFRx/COmt/5CLaXa\nfby2VH9T78QAbJKUIfnoDp1hQrC0KPxOCcEH3X8l7gbCocaWGQAHRiv0SYJA+dVf\nEbWPiB73+DcTES2aBsekuYknjO/Vkikfco7yDGeQoAvNTRCYpl75RzmHHLVzuHL5\n1xLVYOUCgYEA4KlrLskaXttzLuueQH3mA4SkAbV/MOan2g9xjBJiI25DMWTjiRhd\nqarNDGtcFPC7hzpBByA2fMLHLrT8cnWM7MWM/liJs+rNEQSV7kjGyh6XjjggR4dz\nNXzK0av0srZG3ufjKuxDq0SNRTxyDB4ZzpFHr7dmzpncaOh5CyqHAFUCgYEA9T6S\nCyB+DUCWGTc7MOOHZdLS5FsUDRWCs9GpwL1ZyMLaVWFwmwRHqadSEqxrCiOd6IFp\nzIbH3uWxcgfuDgv0daafSQwcTq1AXQYdznEc2kE3gx4hoS4luPluqNd5S2JtNzyM\neWHJmc+VHAbn0voHaJcrhP3/NdKLkksjP87viRUCgYBsYG4rOKo2/kg3Z0SFOfa+\n1brEdEiyT2LDp9WPy8J58xQI/PFizlVIpvOZvSTDmUnttyVtiZWfY9rwZjCuCpT8\nF2SnwhBTsb5RKlQliggTsuRLoDm6J9ZlBBlXQkud9p6Do3uL1kPimARKVRlzTQYI\nBz98vc2jdsfD9/mEcHSFrQKBgQDTixSI2o9AuSyANb8uDaXWdEOLzPB/1MU4fSsz\nYWHYJhQVQAbVAJ0cP4MxLl7qkQx96Vusm7o+j90/Yo26uh81ePO/G94zE4kIdOUz\nFSjxLv5GcLBLizXo1+fXZn5vQ0i4M9dsQKiYr5GManx/5UKMupFEl6AT+jiAiaWv\nPb4rfQKBgESkShrJHPc/+VAHHkfrE0WTQd4IYn3Y5tXo6hq9MPRld6HrZrqrI97W\nN2y1IbDDz7yL6LZhIv6EL2Y20vrpaQW2387d+tPB7ceMN6rE5WUb40hyzwyQL4Rb\ndGRS7d80Z8g9aSvUyDxTnbIgsxpZXOJI2M/JM96FJxMVSLwUGSma\n-----END RSA PRIVATE KEY-----\n",
            "public_key": "ssh-rsa AAAAB3NzaC1yc2EAAAADAQABAAABAQDXOQzGHrcHSI9M4Iouoy+/8vprpoAWMQOYD7/ZknxXbDHF3fEabBB+JQsTInol2nX4GWtPyCSLaxl0DLtkXprL5lvYDowGYx2Xb3a/0V74zVJqyTxRWU6Y6bPeE+4ZwXBj3C49X1fzifARHRLyKJaI7BUn5F6lbpln2HwSmZDTyVALLjUHClGgaXaCheOcPATnBAbTowUi+so6xoUm4zJJsdrSrSyDO6sM1DRxA90DmE+6cLtSDzYL4YJw9RvjwLBtUMGt5n67AFdTJh07dC0MK4s1q3R1OiPZVzMmYuupfAN7YrIbhEktbxT+cTuRfUfpNWy2AO9CHYCp8eVxm4P5 Generated-by-Nova",
            "region": "RegionOne",
            "user_id": "",
            "value_specs": null
          },
          "sensitive_attributes": [
            [
              {
                "type": "get_attr",
                "value": "private_key"
              }
            ]
          ],
          "private": "bnVsbA=="
        }
      ]
    },
    {
      "mode": "managed",
      "type": "openstack_networking_floatingip_v2",
      "name": "fip_1",
      "provider": "provider[\"registry.terraform.io/terraform-provider-openstack/openstack\"]",
      "instances": [
        {
          "schema_version": 0,
          "attributes": {
            "address": "10.32.6.149",
            "all_tags": [],
            "description": "",
            "dns_domain": "",
            "dns_name": "",
            "fixed_ip": "192.168.254.21",
            "id": "ffa638d2-7367-4cf4-baca-fa3d059217d0",
            "pool": "ext_net",
            "port_id": "953bc64f-71a5-4485-9696-606f265fc4ea",
            "region": "RegionOne",
            "subnet_id": null,
            "subnet_ids": null,
            "tags": null,
            "tenant_id": "12d2cf68600f4cb784ec52fa5281447e",
            "timeouts": null,
            "value_specs": null
          },
          "sensitive_attributes": [],
          "private": "eyJlMmJmYjczMC1lY2FhLTExZTYtOGY4OC0zNDM2M2JjN2M0YzAiOnsiY3JlYXRlIjo2MDAwMDAwMDAwMDAsImRlbGV0ZSI6NjAwMDAwMDAwMDAwfX0=",
          "dependencies": [
            "data.openstack_networking_port_v2.port-1",
            "openstack_compute_instance_v2.node1",
            "openstack_compute_keypair_v2.terraform-keypair",
            "openstack_networking_network_v2.terraform-network-1",
            "openstack_networking_port_v2.port_node-1",
            "openstack_networking_secgroup_v2.terraform-secgroup",
            "openstack_networking_subnet_v2.terraform-subnet-1"
          ]
        }
      ]
    },
    {
      "mode": "managed",
      "type": "openstack_networking_network_v2",
      "name": "terraform-network-1",
      "provider": "provider[\"registry.terraform.io/terraform-provider-openstack/openstack\"]",
      "instances": [
        {
          "schema_version": 0,
          "attributes": {
            "admin_state_up": true,
            "all_tags": [],
            "availability_zone_hints": [],
            "description": "",
            "dns_domain": "",
            "external": false,
            "id": "6800428f-4187-4eac-ba12-54ecfc95fb12",
            "mtu": 1442,
            "name": "projekt-net",
            "port_security_enabled": true,
            "qos_policy_id": "",
            "region": "RegionOne",
            "segments": [],
            "shared": false,
            "tags": null,
            "tenant_id": "12d2cf68600f4cb784ec52fa5281447e",
            "timeouts": null,
            "transparent_vlan": false,
            "value_specs": null
          },
          "sensitive_attributes": [],
          "private": "eyJlMmJmYjczMC1lY2FhLTExZTYtOGY4OC0zNDM2M2JjN2M0YzAiOnsiY3JlYXRlIjo2MDAwMDAwMDAwMDAsImRlbGV0ZSI6NjAwMDAwMDAwMDAwfX0="
        }
      ]
    },
    {
      "mode": "managed",
      "type": "openstack_networking_port_v2",
      "name": "port_mgmt",
      "provider": "provider[\"registry.terraform.io/terraform-provider-openstack/openstack\"]",
      "instances": [
        {
          "schema_version": 0,
          "attributes": {
            "admin_state_up": true,
            "all_fixed_ips": [
              "192.168.254.10"
            ],
            "all_security_group_ids": [
              "3a994aa3-acff-46b8-afcc-cedac9ba2e38"
            ],
            "all_tags": [],
            "allowed_address_pairs": [],
            "binding": [
              {
                "host_id": "",
                "profile": "",
                "vif_details": {},
                "vif_type": "",
                "vnic_type": "normal"
              }
            ],
            "description": "",
            "device_id": "",
            "device_owner": "",
            "dns_assignment": [],
            "dns_name": "",
            "extra_dhcp_option": [],
            "fixed_ip": [
              {
                "ip_address": "192.168.254.10",
                "subnet_id": "bbd0abdf-9e1a-49da-8b0d-7e2f898be636"
              }
            ],
            "id": "b8d19c6b-802d-45bf-9675-efa17619c27e",
            "mac_address": "fa:16:3e:0b:ca:1a",
            "name": "port_mgmt",
            "network_id": "6800428f-4187-4eac-ba12-54ecfc95fb12",
            "no_fixed_ip": null,
            "no_security_groups": null,
            "port_security_enabled": true,
            "qos_policy_id": "",
            "region": "RegionOne",
            "security_group_ids": null,
            "tags": null,
            "tenant_id": "12d2cf68600f4cb784ec52fa5281447e",
            "timeouts": null,
            "value_specs": null
          },
          "sensitive_attributes": [],
          "private": "eyJlMmJmYjczMC1lY2FhLTExZTYtOGY4OC0zNDM2M2JjN2M0YzAiOnsiY3JlYXRlIjo2MDAwMDAwMDAwMDAsImRlbGV0ZSI6NjAwMDAwMDAwMDAwfX0=",
          "dependencies": [
            "openstack_networking_network_v2.terraform-network-1",
            "openstack_networking_subnet_v2.terraform-subnet-1"
          ]
        }
      ]
    },
    {
      "mode": "managed",
      "type": "openstack_networking_port_v2",
      "name": "port_node-1",
      "provider": "provider[\"registry.terraform.io/terraform-provider-openstack/openstack\"]",
      "instances": [
        {
          "schema_version": 0,
          "attributes": {
            "admin_state_up": true,
            "all_fixed_ips": [
              "192.168.254.21"
            ],
            "all_security_group_ids": [
              "3a994aa3-acff-46b8-afcc-cedac9ba2e38"
            ],
            "all_tags": [],
            "allowed_address_pairs": [],
            "binding": [
              {
                "host_id": "",
                "profile": "",
                "vif_details": {},
                "vif_type": "",
                "vnic_type": "normal"
              }
            ],
            "description": "",
            "device_id": "",
            "device_owner": "",
            "dns_assignment": [],
            "dns_name": "",
            "extra_dhcp_option": [],
            "fixed_ip": [
              {
                "ip_address": "192.168.254.21",
                "subnet_id": "bbd0abdf-9e1a-49da-8b0d-7e2f898be636"
              }
            ],
            "id": "953bc64f-71a5-4485-9696-606f265fc4ea",
            "mac_address": "fa:16:3e:69:90:48",
            "name": "port_node-1",
            "network_id": "6800428f-4187-4eac-ba12-54ecfc95fb12",
            "no_fixed_ip": null,
            "no_security_groups": null,
            "port_security_enabled": true,
            "qos_policy_id": "",
            "region": "RegionOne",
            "security_group_ids": null,
            "tags": null,
            "tenant_id": "12d2cf68600f4cb784ec52fa5281447e",
            "timeouts": null,
            "value_specs": null
          },
          "sensitive_attributes": [],
          "private": "eyJlMmJmYjczMC1lY2FhLTExZTYtOGY4OC0zNDM2M2JjN2M0YzAiOnsiY3JlYXRlIjo2MDAwMDAwMDAwMDAsImRlbGV0ZSI6NjAwMDAwMDAwMDAwfX0=",
          "dependencies": [
            "openstack_networking_network_v2.terraform-network-1",
            "openstack_networking_subnet_v2.terraform-subnet-1"
          ]
        }
      ]
    },
    {
      "mode": "managed",
      "type": "openstack_networking_port_v2",
      "name": "port_node-2",
      "provider": "provider[\"registry.terraform.io/terraform-provider-openstack/openstack\"]",
      "instances": [
        {
          "schema_version": 0,
          "attributes": {
            "admin_state_up": true,
            "all_fixed_ips": [
              "192.168.254.22"
            ],
            "all_security_group_ids": [
              "3a994aa3-acff-46b8-afcc-cedac9ba2e38"
            ],
            "all_tags": [],
            "allowed_address_pairs": [],
            "binding": [
              {
                "host_id": "",
                "profile": "",
                "vif_details": {},
                "vif_type": "",
                "vnic_type": "normal"
              }
            ],
            "description": "",
            "device_id": "",
            "device_owner": "",
            "dns_assignment": [],
            "dns_name": "",
            "extra_dhcp_option": [],
            "fixed_ip": [
              {
                "ip_address": "192.168.254.22",
                "subnet_id": "bbd0abdf-9e1a-49da-8b0d-7e2f898be636"
              }
            ],
            "id": "ed964b92-d4a2-41cc-9b02-f0b38acde70e",
            "mac_address": "fa:16:3e:a6:ea:49",
            "name": "port_node-2",
            "network_id": "6800428f-4187-4eac-ba12-54ecfc95fb12",
            "no_fixed_ip": null,
            "no_security_groups": null,
            "port_security_enabled": true,
            "qos_policy_id": "",
            "region": "RegionOne",
            "security_group_ids": null,
            "tags": null,
            "tenant_id": "12d2cf68600f4cb784ec52fa5281447e",
            "timeouts": null,
            "value_specs": null
          },
          "sensitive_attributes": [],
          "private": "eyJlMmJmYjczMC1lY2FhLTExZTYtOGY4OC0zNDM2M2JjN2M0YzAiOnsiY3JlYXRlIjo2MDAwMDAwMDAwMDAsImRlbGV0ZSI6NjAwMDAwMDAwMDAwfX0=",
          "dependencies": [
            "openstack_networking_network_v2.terraform-network-1",
            "openstack_networking_subnet_v2.terraform-subnet-1"
          ]
        }
      ]
    },
    {
      "mode": "managed",
      "type": "openstack_networking_port_v2",
      "name": "port_node-3",
      "provider": "provider[\"registry.terraform.io/terraform-provider-openstack/openstack\"]",
      "instances": [
        {
          "schema_version": 0,
          "attributes": {
            "admin_state_up": true,
            "all_fixed_ips": [
              "192.168.254.23"
            ],
            "all_security_group_ids": [
              "3a994aa3-acff-46b8-afcc-cedac9ba2e38"
            ],
            "all_tags": [],
            "allowed_address_pairs": [],
            "binding": [
              {
                "host_id": "",
                "profile": "",
                "vif_details": {},
                "vif_type": "",
                "vnic_type": "normal"
              }
            ],
            "description": "",
            "device_id": "",
            "device_owner": "",
            "dns_assignment": [],
            "dns_name": "",
            "extra_dhcp_option": [],
            "fixed_ip": [
              {
                "ip_address": "192.168.254.23",
                "subnet_id": "bbd0abdf-9e1a-49da-8b0d-7e2f898be636"
              }
            ],
            "id": "da71ece7-6367-494e-9b82-f115fa22a159",
            "mac_address": "fa:16:3e:3c:7f:06",
            "name": "port_node-3",
            "network_id": "6800428f-4187-4eac-ba12-54ecfc95fb12",
            "no_fixed_ip": null,
            "no_security_groups": null,
            "port_security_enabled": true,
            "qos_policy_id": "",
            "region": "RegionOne",
            "security_group_ids": null,
            "tags": null,
            "tenant_id": "12d2cf68600f4cb784ec52fa5281447e",
            "timeouts": null,
            "value_specs": null
          },
          "sensitive_attributes": [],
          "private": "eyJlMmJmYjczMC1lY2FhLTExZTYtOGY4OC0zNDM2M2JjN2M0YzAiOnsiY3JlYXRlIjo2MDAwMDAwMDAwMDAsImRlbGV0ZSI6NjAwMDAwMDAwMDAwfX0=",
          "dependencies": [
            "openstack_networking_network_v2.terraform-network-1",
            "openstack_networking_subnet_v2.terraform-subnet-1"
          ]
        }
      ]
    },
    {
      "mode": "managed",
      "type": "openstack_networking_router_interface_v2",
      "name": "router_interface_1",
      "provider": "provider[\"registry.terraform.io/terraform-provider-openstack/openstack\"]",
      "instances": [
        {
          "schema_version": 0,
          "attributes": {
            "force_destroy": false,
            "id": "1a91503b-640d-47d2-a6d8-dc9bb3f816f1",
            "port_id": "1a91503b-640d-47d2-a6d8-dc9bb3f816f1",
            "region": "RegionOne",
            "router_id": "c4de82ec-9ee6-46f7-8393-59e4dabafa8c",
            "subnet_id": "bbd0abdf-9e1a-49da-8b0d-7e2f898be636",
            "timeouts": null
          },
          "sensitive_attributes": [],
          "private": "eyJlMmJmYjczMC1lY2FhLTExZTYtOGY4OC0zNDM2M2JjN2M0YzAiOnsiY3JlYXRlIjo2MDAwMDAwMDAwMDAsImRlbGV0ZSI6NjAwMDAwMDAwMDAwfX0=",
          "dependencies": [
            "data.openstack_networking_router_v2.router-1",
            "openstack_networking_network_v2.terraform-network-1",
            "openstack_networking_subnet_v2.terraform-subnet-1"
          ]
        }
      ]
    },
    {
      "mode": "managed",
      "type": "openstack_networking_secgroup_rule_v2",
      "name": "terraform-secgroup-rule-http",
      "provider": "provider[\"registry.terraform.io/terraform-provider-openstack/openstack\"]",
      "instances": [
        {
          "schema_version": 0,
          "attributes": {
            "description": "",
            "direction": "ingress",
            "ethertype": "IPv4",
            "id": "7d1187a4-8e7d-4968-8a43-9b3b5e7c9a81",
            "port_range_max": 80,
            "port_range_min": 80,
            "protocol": "tcp",
            "region": "RegionOne",
            "remote_group_id": "",
            "remote_ip_prefix": "",
            "security_group_id": "c6d8ab8c-46cd-4565-be92-37211bd04c2f",
            "tenant_id": "12d2cf68600f4cb784ec52fa5281447e",
            "timeouts": null
          },
          "sensitive_attributes": [],
          "private": "eyJlMmJmYjczMC1lY2FhLTExZTYtOGY4OC0zNDM2M2JjN2M0YzAiOnsiZGVsZXRlIjo2MDAwMDAwMDAwMDB9fQ==",
          "dependencies": [
            "openstack_networking_secgroup_v2.terraform-secgroup"
          ]
        }
      ]
    },
    {
      "mode": "managed",
      "type": "openstack_networking_secgroup_rule_v2",
      "name": "terraform-secgroup-rule-plngx",
      "provider": "provider[\"registry.terraform.io/terraform-provider-openstack/openstack\"]",
      "instances": [
        {
          "schema_version": 0,
          "attributes": {
            "description": "",
            "direction": "ingress",
            "ethertype": "IPv4",
            "id": "6195318e-30cd-4dcd-bfd3-dcd8d470ab91",
            "port_range_max": 8000,
            "port_range_min": 8000,
            "protocol": "tcp",
            "region": "RegionOne",
            "remote_group_id": "",
            "remote_ip_prefix": "0.0.0.0/0",
            "security_group_id": "c6d8ab8c-46cd-4565-be92-37211bd04c2f",
            "tenant_id": "12d2cf68600f4cb784ec52fa5281447e",
            "timeouts": null
          },
          "sensitive_attributes": [],
          "private": "eyJlMmJmYjczMC1lY2FhLTExZTYtOGY4OC0zNDM2M2JjN2M0YzAiOnsiZGVsZXRlIjo2MDAwMDAwMDAwMDB9fQ==",
          "dependencies": [
            "openstack_networking_secgroup_v2.terraform-secgroup"
          ]
        }
      ]
    },
    {
      "mode": "managed",
      "type": "openstack_networking_secgroup_rule_v2",
      "name": "terraform-secgroup-rule-ssh",
      "provider": "provider[\"registry.terraform.io/terraform-provider-openstack/openstack\"]",
      "instances": [
        {
          "schema_version": 0,
          "attributes": {
            "description": "",
            "direction": "ingress",
            "ethertype": "IPv4",
            "id": "24cc8a25-486d-468b-ae8b-c53b3b542f84",
            "port_range_max": 22,
            "port_range_min": 22,
            "protocol": "tcp",
            "region": "RegionOne",
            "remote_group_id": "",
            "remote_ip_prefix": "0.0.0.0/0",
            "security_group_id": "c6d8ab8c-46cd-4565-be92-37211bd04c2f",
            "tenant_id": "12d2cf68600f4cb784ec52fa5281447e",
            "timeouts": null
          },
          "sensitive_attributes": [],
          "private": "eyJlMmJmYjczMC1lY2FhLTExZTYtOGY4OC0zNDM2M2JjN2M0YzAiOnsiZGVsZXRlIjo2MDAwMDAwMDAwMDB9fQ==",
          "dependencies": [
            "openstack_networking_secgroup_v2.terraform-secgroup"
          ]
        }
      ]
    },
    {
      "mode": "managed",
      "type": "openstack_networking_secgroup_v2",
      "name": "terraform-secgroup",
      "provider": "provider[\"registry.terraform.io/terraform-provider-openstack/openstack\"]",
      "instances": [
        {
          "schema_version": 0,
          "attributes": {
            "all_tags": [],
            "delete_default_rules": null,
            "description": "Konstruct",
            "id": "c6d8ab8c-46cd-4565-be92-37211bd04c2f",
            "name": "Konstruct-secgroup",
            "region": "RegionOne",
            "stateful": true,
            "tags": null,
            "tenant_id": "12d2cf68600f4cb784ec52fa5281447e",
            "timeouts": null
          },
          "sensitive_attributes": [],
          "private": "eyJlMmJmYjczMC1lY2FhLTExZTYtOGY4OC0zNDM2M2JjN2M0YzAiOnsiZGVsZXRlIjo2MDAwMDAwMDAwMDB9fQ=="
        }
      ]
    },
    {
      "mode": "managed",
      "type": "openstack_networking_subnet_v2",
      "name": "terraform-subnet-1",
      "provider": "provider[\"registry.terraform.io/terraform-provider-openstack/openstack\"]",
      "instances": [
        {
          "schema_version": 0,
          "attributes": {
            "all_tags": [],
            "allocation_pool": [
              {
                "end": "192.168.254.254",
                "start": "192.168.254.2"
              }
            ],
            "cidr": "192.168.254.0/24",
            "description": "",
            "dns_nameservers": [
              "10.33.16.100",
              "8.8.8.8"
            ],
            "dns_publish_fixed_ip": false,
            "enable_dhcp": true,
            "gateway_ip": "192.168.254.1",
            "id": "bbd0abdf-9e1a-49da-8b0d-7e2f898be636",
            "ip_version": 4,
            "ipv6_address_mode": "",
            "ipv6_ra_mode": "",
            "name": "projekt-subnet",
            "network_id": "6800428f-4187-4eac-ba12-54ecfc95fb12",
            "no_gateway": false,
            "prefix_length": null,
            "region": "RegionOne",
            "service_types": [],
            "subnetpool_id": "",
            "tags": null,
            "tenant_id": "12d2cf68600f4cb784ec52fa5281447e",
            "timeouts": null,
            "value_specs": null
          },
          "sensitive_attributes": [],
          "private": "eyJlMmJmYjczMC1lY2FhLTExZTYtOGY4OC0zNDM2M2JjN2M0YzAiOnsiY3JlYXRlIjo2MDAwMDAwMDAwMDAsImRlbGV0ZSI6NjAwMDAwMDAwMDAwfX0=",
          "dependencies": [
            "openstack_networking_network_v2.terraform-network-1"
          ]
        }
      ]
    }
  ],
  "check_results": null
}
