{
  "version": 4,
  "terraform_version": "1.10.5",
  "serial": 229,
  "lineage": "3f1289c0-cf61-a40c-fc9a-5eff16851677",
  "outputs": {
    "docker_mgm_addr": {
      "value": {
        "address": "10.32.6.107",
        "all_tags": [],
        "description": "",
        "dns_domain": "",
        "dns_name": "",
        "fixed_ip": "192.168.254.20",
        "id": "4c323e11-a875-4ea0-9555-884a1d0bd6e1",
        "pool": "ext_net",
        "port_id": "b8acffa1-4087-4e38-a9b1-24a76ccf1082",
        "region": "RegionOne",
        "subnet_id": null,
        "subnet_ids": null,
        "tags": null,
        "tenant_id": "12d2cf68600f4cb784ec52fa5281447e",
        "timeouts": null,
        "value_specs": null
      },
      "type": [
        "object",
        {
          "address": "string",
          "all_tags": [
            "set",
            "string"
          ],
          "description": "string",
          "dns_domain": "string",
          "dns_name": "string",
          "fixed_ip": "string",
          "id": "string",
          "pool": "string",
          "port_id": "string",
          "region": "string",
          "subnet_id": "string",
          "subnet_ids": [
            "list",
            "string"
          ],
          "tags": [
            "set",
            "string"
          ],
          "tenant_id": "string",
          "timeouts": [
            "object",
            {
              "create": "string",
              "delete": "string"
            }
          ],
          "value_specs": [
            "map",
            "string"
          ]
        }
      ]
    },
    "docker_node1_addr": {
      "value": {
        "address": "10.32.6.28",
        "all_tags": [],
        "description": "",
        "dns_domain": "",
        "dns_name": "",
        "fixed_ip": "192.168.254.21",
        "id": "071fd4ea-e4f5-4450-8b53-cc33d8bee136",
        "pool": "ext_net",
        "port_id": "b3b46fc6-8d8c-4a4d-93d6-88086b2ee3ee",
        "region": "RegionOne",
        "subnet_id": null,
        "subnet_ids": null,
        "tags": null,
        "tenant_id": "12d2cf68600f4cb784ec52fa5281447e",
        "timeouts": null,
        "value_specs": null
      },
      "type": [
        "object",
        {
          "address": "string",
          "all_tags": [
            "set",
            "string"
          ],
          "description": "string",
          "dns_domain": "string",
          "dns_name": "string",
          "fixed_ip": "string",
          "id": "string",
          "pool": "string",
          "port_id": "string",
          "region": "string",
          "subnet_id": "string",
          "subnet_ids": [
            "list",
            "string"
          ],
          "tags": [
            "set",
            "string"
          ],
          "tenant_id": "string",
          "timeouts": [
            "object",
            {
              "create": "string",
              "delete": "string"
            }
          ],
          "value_specs": [
            "map",
            "string"
          ]
        }
      ]
    }
  },
  "resources": [
    {
      "mode": "data",
      "type": "openstack_networking_port_v2",
      "name": "port-mgm",
      "provider": "provider[\"registry.terraform.io/terraform-provider-openstack/openstack\"]",
      "instances": [
        {
          "schema_version": 0,
          "attributes": {
            "admin_state_up": true,
            "all_fixed_ips": [
              "192.168.254.20"
            ],
            "all_security_group_ids": [
              "d285187d-9e9a-4982-a7f9-8b55e0fdc6fb"
            ],
            "all_tags": [],
            "allowed_address_pairs": [],
            "binding": [
              {
                "host_id": "",
                "profile": "",
                "vif_details": {},
                "vif_type": "",
                "vnic_type": "normal"
              }
            ],
            "description": "",
            "device_id": "199ea339-1be1-4e93-bc63-dc383460466d",
            "device_owner": "compute:nova",
            "dns_assignment": [],
            "dns_name": "",
            "extra_dhcp_option": [],
            "fixed_ip": "192.168.254.20",
            "id": "b8acffa1-4087-4e38-a9b1-24a76ccf1082",
            "mac_address": "fa:16:3e:93:d5:12",
            "name": "port_mgm",
            "network_id": "4165939d-b920-4881-a953-63626cc45a7b",
            "port_id": "b8acffa1-4087-4e38-a9b1-24a76ccf1082",
            "project_id": "12d2cf68600f4cb784ec52fa5281447e",
            "region": "RegionOne",
            "security_group_ids": null,
            "status": null,
            "tags": null,
            "tenant_id": "12d2cf68600f4cb784ec52fa5281447e"
          },
          "sensitive_attributes": []
        }
      ]
    },
    {
      "mode": "data",
      "type": "openstack_networking_port_v2",
      "name": "port-node1",
      "provider": "provider[\"registry.terraform.io/terraform-provider-openstack/openstack\"]",
      "instances": [
        {
          "schema_version": 0,
          "attributes": {
            "admin_state_up": true,
            "all_fixed_ips": [
              "192.168.254.21"
            ],
            "all_security_group_ids": [
              "d285187d-9e9a-4982-a7f9-8b55e0fdc6fb"
            ],
            "all_tags": [],
            "allowed_address_pairs": [],
            "binding": [
              {
                "host_id": "",
                "profile": "",
                "vif_details": {},
                "vif_type": "",
                "vnic_type": "normal"
              }
            ],
            "description": "",
            "device_id": "59bb2de7-6f51-460b-8ad5-ee2660b0ca36",
            "device_owner": "compute:nova",
            "dns_assignment": [],
            "dns_name": "",
            "extra_dhcp_option": [],
            "fixed_ip": "192.168.254.21",
            "id": "b3b46fc6-8d8c-4a4d-93d6-88086b2ee3ee",
            "mac_address": "fa:16:3e:db:19:6b",
            "name": "port_node-1",
            "network_id": "4165939d-b920-4881-a953-63626cc45a7b",
            "port_id": "b3b46fc6-8d8c-4a4d-93d6-88086b2ee3ee",
            "project_id": "12d2cf68600f4cb784ec52fa5281447e",
            "region": "RegionOne",
            "security_group_ids": null,
            "status": null,
            "tags": null,
            "tenant_id": "12d2cf68600f4cb784ec52fa5281447e"
          },
          "sensitive_attributes": []
        }
      ]
    },
    {
      "mode": "data",
      "type": "openstack_networking_router_v2",
      "name": "router-1",
      "provider": "provider[\"registry.terraform.io/terraform-provider-openstack/openstack\"]",
      "instances": [
        {
          "schema_version": 0,
          "attributes": {
            "admin_state_up": true,
            "all_tags": [],
            "availability_zone_hints": [],
            "description": "",
            "distributed": false,
            "enable_snat": true,
            "external_fixed_ip": [
              {
                "ip_address": "10.32.6.90",
                "subnet_id": "8a92550a-de9d-458b-a81a-bb75e9713de3"
              }
            ],
            "external_network_id": "6f530989-999a-49e6-9197-8a33ae7bfce7",
            "id": "c4de82ec-9ee6-46f7-8393-59e4dabafa8c",
            "name": "CloudServ6-router",
            "region": "RegionOne",
            "router_id": null,
            "status": "ACTIVE",
            "tags": null,
            "tenant_id": "12d2cf68600f4cb784ec52fa5281447e"
          },
          "sensitive_attributes": []
        }
      ]
    },
    {
      "mode": "managed",
      "type": "openstack_compute_instance_v2",
      "name": "management",
      "provider": "provider[\"registry.terraform.io/terraform-provider-openstack/openstack\"]",
      "instances": [
        {
          "schema_version": 0,
          "attributes": {
            "access_ip_v4": "192.168.254.20",
            "access_ip_v6": "",
            "admin_pass": null,
            "all_metadata": {},
            "all_tags": [],
            "availability_zone": "nova",
            "availability_zone_hints": null,
            "block_device": [],
            "config_drive": null,
            "created": "2025-02-06 09:23:39 +0000 UTC",
            "flavor_id": "2",
            "flavor_name": "m1.small",
            "force_delete": false,
            "id": "199ea339-1be1-4e93-bc63-dc383460466d",
            "image_id": "1404d277-1fd2-4682-9fbd-80c7d05b80e1",
            "image_name": "ubuntu-22.04-jammy-server-cloud-image-amd64",
            "key_pair": "projectone",
            "metadata": null,
            "name": "mgm",
            "network": [
              {
                "access_network": false,
                "fixed_ip_v4": "192.168.254.20",
                "fixed_ip_v6": "",
                "mac": "fa:16:3e:93:d5:12",
                "name": "projekt-net",
                "port": "b8acffa1-4087-4e38-a9b1-24a76ccf1082",
                "uuid": "4165939d-b920-4881-a953-63626cc45a7b"
              }
            ],
            "network_mode": null,
            "personality": [],
            "power_state": "active",
            "region": "RegionOne",
            "scheduler_hints": [],
            "security_groups": [
              "secgroupforproject"
            ],
            "stop_before_destroy": false,
            "tags": null,
            "timeouts": null,
            "updated": "2025-02-06 09:23:46 +0000 UTC",
            "user_data": "859005ec886a59f1752a0469c0ad070c8de01e23",
            "vendor_options": []
          },
          "sensitive_attributes": [
            [
              {
                "type": "get_attr",
                "value": "admin_pass"
              }
            ]
          ],
          "private": "eyJlMmJmYjczMC1lY2FhLTExZTYtOGY4OC0zNDM2M2JjN2M0YzAiOnsiY3JlYXRlIjoxODAwMDAwMDAwMDAwLCJkZWxldGUiOjE4MDAwMDAwMDAwMDAsInVwZGF0ZSI6MTgwMDAwMDAwMDAwMH19",
          "dependencies": [
            "openstack_compute_keypair_v2.terraform-keypair",
            "openstack_networking_network_v2.terraform-network-1",
            "openstack_networking_port_v2.port_mgm",
            "openstack_networking_secgroup_v2.sicgru",
            "openstack_networking_subnet_v2.terraform-subnet-1"
          ]
        }
      ]
    },
    {
      "mode": "managed",
      "type": "openstack_compute_instance_v2",
      "name": "node1",
      "provider": "provider[\"registry.terraform.io/terraform-provider-openstack/openstack\"]",
      "instances": [
        {
          "schema_version": 0,
          "attributes": {
            "access_ip_v4": "192.168.254.21",
            "access_ip_v6": "",
            "admin_pass": null,
            "all_metadata": {},
            "all_tags": [],
            "availability_zone": "nova",
            "availability_zone_hints": null,
            "block_device": [],
            "config_drive": null,
            "created": "2025-02-06 09:23:38 +0000 UTC",
            "flavor_id": "2",
            "flavor_name": "m1.small",
            "force_delete": false,
            "id": "59bb2de7-6f51-460b-8ad5-ee2660b0ca36",
            "image_id": "1404d277-1fd2-4682-9fbd-80c7d05b80e1",
            "image_name": "ubuntu-22.04-jammy-server-cloud-image-amd64",
            "key_pair": "projectone",
            "metadata": null,
            "name": "node1",
            "network": [
              {
                "access_network": false,
                "fixed_ip_v4": "192.168.254.21",
                "fixed_ip_v6": "",
                "mac": "fa:16:3e:db:19:6b",
                "name": "projekt-net",
                "port": "b3b46fc6-8d8c-4a4d-93d6-88086b2ee3ee",
                "uuid": "4165939d-b920-4881-a953-63626cc45a7b"
              }
            ],
            "network_mode": null,
            "personality": [],
            "power_state": "active",
            "region": "RegionOne",
            "scheduler_hints": [],
            "security_groups": [
              "secgroupforproject"
            ],
            "stop_before_destroy": false,
            "tags": null,
            "timeouts": null,
            "updated": "2025-02-06 09:23:44 +0000 UTC",
            "user_data": "68b24fe2701e8fba9ba6f942ddf8f780e16909d5",
            "vendor_options": []
          },
          "sensitive_attributes": [
            [
              {
                "type": "get_attr",
                "value": "admin_pass"
              }
            ]
          ],
          "private": "eyJlMmJmYjczMC1lY2FhLTExZTYtOGY4OC0zNDM2M2JjN2M0YzAiOnsiY3JlYXRlIjoxODAwMDAwMDAwMDAwLCJkZWxldGUiOjE4MDAwMDAwMDAwMDAsInVwZGF0ZSI6MTgwMDAwMDAwMDAwMH19",
          "dependencies": [
            "openstack_compute_keypair_v2.terraform-keypair",
            "openstack_networking_network_v2.terraform-network-1",
            "openstack_networking_port_v2.port_node-1",
            "openstack_networking_secgroup_v2.sicgru",
            "openstack_networking_subnet_v2.terraform-subnet-1"
          ]
        }
      ]
    },
    {
      "mode": "managed",
      "type": "openstack_compute_instance_v2",
      "name": "node2",
      "provider": "provider[\"registry.terraform.io/terraform-provider-openstack/openstack\"]",
      "instances": [
        {
          "schema_version": 0,
          "attributes": {
            "access_ip_v4": "192.168.254.22",
            "access_ip_v6": "",
            "admin_pass": null,
            "all_metadata": {},
            "all_tags": [],
            "availability_zone": "nova",
            "availability_zone_hints": null,
            "block_device": [],
            "config_drive": null,
            "created": "2025-02-06 09:23:39 +0000 UTC",
            "flavor_id": "2",
            "flavor_name": "m1.small",
            "force_delete": false,
            "id": "14738bfc-650a-459d-b531-7144eac19d00",
            "image_id": "1404d277-1fd2-4682-9fbd-80c7d05b80e1",
            "image_name": "ubuntu-22.04-jammy-server-cloud-image-amd64",
            "key_pair": "projectone",
            "metadata": null,
            "name": "node2",
            "network": [
              {
                "access_network": false,
                "fixed_ip_v4": "192.168.254.22",
                "fixed_ip_v6": "",
                "mac": "fa:16:3e:06:0c:9b",
                "name": "projekt-net",
                "port": "3f85f5a2-7a07-4563-bff8-32f345635a8e",
                "uuid": "4165939d-b920-4881-a953-63626cc45a7b"
              }
            ],
            "network_mode": null,
            "personality": [],
            "power_state": "active",
            "region": "RegionOne",
            "scheduler_hints": [],
            "security_groups": [
              "secgroupforproject"
            ],
            "stop_before_destroy": false,
            "tags": null,
            "timeouts": null,
            "updated": "2025-02-06 09:23:45 +0000 UTC",
            "user_data": "afdfdddb733df67f61e176510a487a0ea3a279f4",
            "vendor_options": []
          },
          "sensitive_attributes": [
            [
              {
                "type": "get_attr",
                "value": "admin_pass"
              }
            ]
          ],
          "private": "eyJlMmJmYjczMC1lY2FhLTExZTYtOGY4OC0zNDM2M2JjN2M0YzAiOnsiY3JlYXRlIjoxODAwMDAwMDAwMDAwLCJkZWxldGUiOjE4MDAwMDAwMDAwMDAsInVwZGF0ZSI6MTgwMDAwMDAwMDAwMH19",
          "dependencies": [
            "openstack_compute_keypair_v2.terraform-keypair",
            "openstack_networking_network_v2.terraform-network-1",
            "openstack_networking_port_v2.port_node-2",
            "openstack_networking_secgroup_v2.sicgru",
            "openstack_networking_subnet_v2.terraform-subnet-1"
          ]
        }
      ]
    },
    {
      "mode": "managed",
      "type": "openstack_compute_instance_v2",
      "name": "node3",
      "provider": "provider[\"registry.terraform.io/terraform-provider-openstack/openstack\"]",
      "instances": [
        {
          "schema_version": 0,
          "attributes": {
            "access_ip_v4": "192.168.254.23",
            "access_ip_v6": "",
            "admin_pass": null,
            "all_metadata": {},
            "all_tags": [],
            "availability_zone": "nova",
            "availability_zone_hints": null,
            "block_device": [],
            "config_drive": null,
            "created": "2025-02-06 09:23:40 +0000 UTC",
            "flavor_id": "2",
            "flavor_name": "m1.small",
            "force_delete": false,
            "id": "bf661d41-99d4-4443-97dd-27baf82a7574",
            "image_id": "1404d277-1fd2-4682-9fbd-80c7d05b80e1",
            "image_name": "ubuntu-22.04-jammy-server-cloud-image-amd64",
            "key_pair": "projectone",
            "metadata": null,
            "name": "node3",
            "network": [
              {
                "access_network": false,
                "fixed_ip_v4": "192.168.254.23",
                "fixed_ip_v6": "",
                "mac": "fa:16:3e:3a:ff:0e",
                "name": "projekt-net",
                "port": "8a2d3e3f-c929-447b-95b1-4e3e58c0ac61",
                "uuid": "4165939d-b920-4881-a953-63626cc45a7b"
              }
            ],
            "network_mode": null,
            "personality": [],
            "power_state": "active",
            "region": "RegionOne",
            "scheduler_hints": [],
            "security_groups": [
              "secgroupforproject"
            ],
            "stop_before_destroy": false,
            "tags": null,
            "timeouts": null,
            "updated": "2025-02-06 09:23:47 +0000 UTC",
            "user_data": "f79b7bc4d0c09ac6f8b6808fb0e65ece392346f9",
            "vendor_options": []
          },
          "sensitive_attributes": [
            [
              {
                "type": "get_attr",
                "value": "admin_pass"
              }
            ]
          ],
          "private": "eyJlMmJmYjczMC1lY2FhLTExZTYtOGY4OC0zNDM2M2JjN2M0YzAiOnsiY3JlYXRlIjoxODAwMDAwMDAwMDAwLCJkZWxldGUiOjE4MDAwMDAwMDAwMDAsInVwZGF0ZSI6MTgwMDAwMDAwMDAwMH19",
          "dependencies": [
            "openstack_compute_keypair_v2.terraform-keypair",
            "openstack_networking_network_v2.terraform-network-1",
            "openstack_networking_port_v2.port_node-3",
            "openstack_networking_secgroup_v2.sicgru",
            "openstack_networking_subnet_v2.terraform-subnet-1"
          ]
        }
      ]
    },
    {
      "mode": "managed",
      "type": "openstack_compute_keypair_v2",
      "name": "terraform-keypair",
      "provider": "provider[\"registry.terraform.io/terraform-provider-openstack/openstack\"]",
      "instances": [
        {
          "schema_version": 0,
          "attributes": {
            "fingerprint": "a7:74:b2:64:61:f2:de:ba:97:77:da:40:41:15:cc:bb",
            "id": "projectone",
            "name": "projectone",
            "private_key": "-----BEGIN RSA PRIVATE KEY-----\nMIIEowIBAAKCAQEA+mQ2QrjmdXIhpx7KGL42o6GB86wpdeNie02zjxQ5Jw4N2OYF\n2WQOXNzXy5/u6XRIrwAeWxSk3z0yp7c2yTyuPtPQa9cGY2QXzVGkkwAwxvjKOkXf\nfVmtmXzRF3eeyOH+qYjf6HidFKysOPll9KWpKlVtpwGDzk6WCzJxG7x2IIqCcjYG\nAkEXnasTc3083ixGmiumUX9FV4hWb9T/DOnbrzAWM/vLRtuEQhpdU7FPUUrJq2LB\nmqMamXMyVDKTvhaa04LlYoZuO3C3s7nVBgXuYZyAHxxgUuENy9q65LSP/rx8eMsK\n5oZHg4LX4AnKlugU0Szm17A7tiBTUkstX+n2dwIDAQABAoIBABXrOdjDaOE1GX8Q\nse5SkGPomoCjPInmWtOibKqEwbAKienH0RFDsgItDvLzUC29kTNIll+wwfIM4GdQ\nIYqiNjqnviICk7uVooPFtttrc9mnI8TQIw1NEWZTR9Z/ETZSmkFrCvbFwDJ0Hytp\noaQ18EYVbmDlQA2KUZYvVzlvWQPmD8ui5NMSovKcJwq/+fEOqoTXsULNoNnNaWkb\nYLNS6zEwiXJMeseX0CsCU6EphhWZKnqT1xOzxnoPt063eqflQAEPo7vVQpZ9ZAlL\nm77ZeZx4kxJulShftYFF6HU2y8+UmaLqL1d9A2QTPxy6R+yI8ZO8f5gqSuggFUZ/\nRYOm4EECgYEA/WmaL/QYtqsHj6a0GlaiZDkuJpmHlsFy0g4f7pus053YpSjbOc3p\nVhal+3G5NfdySSSH28f22P9Z9QrMpZV8kGiXt5+7xYxB+GJm0GLk6JnIh72D6tEM\n9uEetxAd518dQjNbgS8CyJFFd3lncDNU2d/LvTtHCYKmrxqHHPMUttcCgYEA/PK2\nf/rQyJhc2R9tDCwI/QpeR9+kV6RlbT53ALQweDMWnwMZM7eR2cvZ02F+ZvG63oNz\nE4l0KFpTAl2TvbnxGpoOWbzbaxJVxMaQU+lEE027crx2biV3MMyBqRtwGoc9XEua\nAdsEde20VQX2y20hWSqr73Ame2h8v0ci4wCx6WECgYAvxu0vBVJzfiNazg8+t/69\n7pno5SFPJwHC4K7cibU34Jar7NwINe48MODyWyqUJicB60VCBp1fpCUNsg+LWHe3\nskCIejEouZzme4bu2vZVdEj+bpikeO18zkzALuW0bZZSmOQzou1fayQxtk3uNX9V\n5H/BGZ/3Bw7uDI5Uwu+w2QKBgQC5PxegypM1FUCKUpWOIIHEr180y/iTpvYQ93o3\nrb8BiIi8k4xVb88E7mHsiK4FvmrYovQYDsZe9ydryBR3EkIc9U4lMkaPN7JQlgsF\nKQSODpOFB7jEGfQcbOlYa5vCEeFCQqvbSAcQRrGWwvNnL9kIcFPS2xOTtYYGn5ZR\nISUqgQKBgFSGAEpMDwnXOqqSyja/K72XigDOTOfA9E1Okv26hB8TsdClrsim1yXg\nh6auWpnKQzOdhCowCvD6H4pcY6YL+qmf5negPrbKXA+5vy65uqRrVTFSlcb8aaOm\nc8gwF4itL8StkOpiuA9cUo+mcGlhWJyP0O5hoEIppyE6WKuRoW4z\n-----END RSA PRIVATE KEY-----\n",
            "public_key": "ssh-rsa AAAAB3NzaC1yc2EAAAADAQABAAABAQD6ZDZCuOZ1ciGnHsoYvjajoYHzrCl142J7TbOPFDknDg3Y5gXZZA5c3NfLn+7pdEivAB5bFKTfPTKntzbJPK4+09Br1wZjZBfNUaSTADDG+Mo6Rd99Wa2ZfNEXd57I4f6piN/oeJ0UrKw4+WX0pakqVW2nAYPOTpYLMnEbvHYgioJyNgYCQRedqxNzfTzeLEaaK6ZRf0VXiFZv1P8M6duvMBYz+8tG24RCGl1TsU9RSsmrYsGaoxqZczJUMpO+FprTguVihm47cLezudUGBe5hnIAfHGBS4Q3L2rrktI/+vHx4ywrmhkeDgtfgCcqW6BTRLObXsDu2IFNSSy1f6fZ3 Generated-by-Nova",
            "region": "RegionOne",
            "user_id": "",
            "value_specs": null
          },
          "sensitive_attributes": [
            [
              {
                "type": "get_attr",
                "value": "private_key"
              }
            ]
          ],
          "private": "bnVsbA=="
        }
      ]
    },
    {
      "mode": "managed",
      "type": "openstack_networking_floatingip_v2",
      "name": "fip_0",
      "provider": "provider[\"registry.terraform.io/terraform-provider-openstack/openstack\"]",
      "instances": [
        {
          "schema_version": 0,
          "attributes": {
            "address": "10.32.6.107",
            "all_tags": [],
            "description": "",
            "dns_domain": "",
            "dns_name": "",
            "fixed_ip": "192.168.254.20",
            "id": "4c323e11-a875-4ea0-9555-884a1d0bd6e1",
            "pool": "ext_net",
            "port_id": "b8acffa1-4087-4e38-a9b1-24a76ccf1082",
            "region": "RegionOne",
            "subnet_id": null,
            "subnet_ids": null,
            "tags": null,
            "tenant_id": "12d2cf68600f4cb784ec52fa5281447e",
            "timeouts": null,
            "value_specs": null
          },
          "sensitive_attributes": [],
          "private": "eyJlMmJmYjczMC1lY2FhLTExZTYtOGY4OC0zNDM2M2JjN2M0YzAiOnsiY3JlYXRlIjo2MDAwMDAwMDAwMDAsImRlbGV0ZSI6NjAwMDAwMDAwMDAwfX0=",
          "dependencies": [
            "data.openstack_networking_port_v2.port-mgm",
            "openstack_compute_instance_v2.management",
            "openstack_compute_keypair_v2.terraform-keypair",
            "openstack_networking_network_v2.terraform-network-1",
            "openstack_networking_port_v2.port_mgm",
            "openstack_networking_secgroup_v2.sicgru",
            "openstack_networking_subnet_v2.terraform-subnet-1"
          ]
        }
      ]
    },
    {
      "mode": "managed",
      "type": "openstack_networking_floatingip_v2",
      "name": "fip_1",
      "provider": "provider[\"registry.terraform.io/terraform-provider-openstack/openstack\"]",
      "instances": [
        {
          "schema_version": 0,
          "attributes": {
            "address": "10.32.6.28",
            "all_tags": [],
            "description": "",
            "dns_domain": "",
            "dns_name": "",
            "fixed_ip": "192.168.254.21",
            "id": "071fd4ea-e4f5-4450-8b53-cc33d8bee136",
            "pool": "ext_net",
            "port_id": "b3b46fc6-8d8c-4a4d-93d6-88086b2ee3ee",
            "region": "RegionOne",
            "subnet_id": null,
            "subnet_ids": null,
            "tags": null,
            "tenant_id": "12d2cf68600f4cb784ec52fa5281447e",
            "timeouts": null,
            "value_specs": null
          },
          "sensitive_attributes": [],
          "private": "eyJlMmJmYjczMC1lY2FhLTExZTYtOGY4OC0zNDM2M2JjN2M0YzAiOnsiY3JlYXRlIjo2MDAwMDAwMDAwMDAsImRlbGV0ZSI6NjAwMDAwMDAwMDAwfX0=",
          "dependencies": [
            "data.openstack_networking_port_v2.port-node1",
            "openstack_compute_instance_v2.node1",
            "openstack_compute_keypair_v2.terraform-keypair",
            "openstack_networking_network_v2.terraform-network-1",
            "openstack_networking_port_v2.port_node-1",
            "openstack_networking_secgroup_v2.sicgru",
            "openstack_networking_subnet_v2.terraform-subnet-1"
          ]
        }
      ]
    },
    {
      "mode": "managed",
      "type": "openstack_networking_network_v2",
      "name": "terraform-network-1",
      "provider": "provider[\"registry.terraform.io/terraform-provider-openstack/openstack\"]",
      "instances": [
        {
          "schema_version": 0,
          "attributes": {
            "admin_state_up": true,
            "all_tags": [],
            "availability_zone_hints": [],
            "description": "",
            "dns_domain": "",
            "external": false,
            "id": "4165939d-b920-4881-a953-63626cc45a7b",
            "mtu": 1442,
            "name": "projekt-net",
            "port_security_enabled": true,
            "qos_policy_id": "",
            "region": "RegionOne",
            "segments": [],
            "shared": false,
            "tags": null,
            "tenant_id": "12d2cf68600f4cb784ec52fa5281447e",
            "timeouts": null,
            "transparent_vlan": false,
            "value_specs": null
          },
          "sensitive_attributes": [],
          "private": "eyJlMmJmYjczMC1lY2FhLTExZTYtOGY4OC0zNDM2M2JjN2M0YzAiOnsiY3JlYXRlIjo2MDAwMDAwMDAwMDAsImRlbGV0ZSI6NjAwMDAwMDAwMDAwfX0="
        }
      ]
    },
    {
      "mode": "managed",
      "type": "openstack_networking_port_v2",
      "name": "port_mgm",
      "provider": "provider[\"registry.terraform.io/terraform-provider-openstack/openstack\"]",
      "instances": [
        {
          "schema_version": 0,
          "attributes": {
            "admin_state_up": true,
            "all_fixed_ips": [
              "192.168.254.20"
            ],
            "all_security_group_ids": [
              "d285187d-9e9a-4982-a7f9-8b55e0fdc6fb"
            ],
            "all_tags": [],
            "allowed_address_pairs": [],
            "binding": [
              {
                "host_id": "",
                "profile": "",
                "vif_details": {},
                "vif_type": "",
                "vnic_type": "normal"
              }
            ],
            "description": "",
            "device_id": "",
            "device_owner": "",
            "dns_assignment": [],
            "dns_name": "",
            "extra_dhcp_option": [],
            "fixed_ip": [
              {
                "ip_address": "192.168.254.20",
                "subnet_id": "87f1121e-49d6-457e-ab64-f25c8a1eaeed"
              }
            ],
            "id": "b8acffa1-4087-4e38-a9b1-24a76ccf1082",
            "mac_address": "fa:16:3e:93:d5:12",
            "name": "port_mgm",
            "network_id": "4165939d-b920-4881-a953-63626cc45a7b",
            "no_fixed_ip": null,
            "no_security_groups": null,
            "port_security_enabled": true,
            "qos_policy_id": "",
            "region": "RegionOne",
            "security_group_ids": [
              "d285187d-9e9a-4982-a7f9-8b55e0fdc6fb"
            ],
            "tags": null,
            "tenant_id": "12d2cf68600f4cb784ec52fa5281447e",
            "timeouts": null,
            "value_specs": null
          },
          "sensitive_attributes": [],
          "private": "eyJlMmJmYjczMC1lY2FhLTExZTYtOGY4OC0zNDM2M2JjN2M0YzAiOnsiY3JlYXRlIjo2MDAwMDAwMDAwMDAsImRlbGV0ZSI6NjAwMDAwMDAwMDAwfX0=",
          "dependencies": [
            "openstack_networking_network_v2.terraform-network-1",
            "openstack_networking_secgroup_v2.sicgru",
            "openstack_networking_subnet_v2.terraform-subnet-1"
          ]
        }
      ]
    },
    {
      "mode": "managed",
      "type": "openstack_networking_port_v2",
      "name": "port_node-1",
      "provider": "provider[\"registry.terraform.io/terraform-provider-openstack/openstack\"]",
      "instances": [
        {
          "schema_version": 0,
          "attributes": {
            "admin_state_up": true,
            "all_fixed_ips": [
              "192.168.254.21"
            ],
            "all_security_group_ids": [
              "d285187d-9e9a-4982-a7f9-8b55e0fdc6fb"
            ],
            "all_tags": [],
            "allowed_address_pairs": [],
            "binding": [
              {
                "host_id": "",
                "profile": "",
                "vif_details": {},
                "vif_type": "",
                "vnic_type": "normal"
              }
            ],
            "description": "",
            "device_id": "",
            "device_owner": "",
            "dns_assignment": [],
            "dns_name": "",
            "extra_dhcp_option": [],
            "fixed_ip": [
              {
                "ip_address": "192.168.254.21",
                "subnet_id": "87f1121e-49d6-457e-ab64-f25c8a1eaeed"
              }
            ],
            "id": "b3b46fc6-8d8c-4a4d-93d6-88086b2ee3ee",
            "mac_address": "fa:16:3e:db:19:6b",
            "name": "port_node-1",
            "network_id": "4165939d-b920-4881-a953-63626cc45a7b",
            "no_fixed_ip": null,
            "no_security_groups": null,
            "port_security_enabled": true,
            "qos_policy_id": "",
            "region": "RegionOne",
            "security_group_ids": [
              "d285187d-9e9a-4982-a7f9-8b55e0fdc6fb"
            ],
            "tags": null,
            "tenant_id": "12d2cf68600f4cb784ec52fa5281447e",
            "timeouts": null,
            "value_specs": null
          },
          "sensitive_attributes": [],
          "private": "eyJlMmJmYjczMC1lY2FhLTExZTYtOGY4OC0zNDM2M2JjN2M0YzAiOnsiY3JlYXRlIjo2MDAwMDAwMDAwMDAsImRlbGV0ZSI6NjAwMDAwMDAwMDAwfX0=",
          "dependencies": [
            "openstack_networking_network_v2.terraform-network-1",
            "openstack_networking_secgroup_v2.sicgru",
            "openstack_networking_subnet_v2.terraform-subnet-1"
          ]
        }
      ]
    },
    {
      "mode": "managed",
      "type": "openstack_networking_port_v2",
      "name": "port_node-2",
      "provider": "provider[\"registry.terraform.io/terraform-provider-openstack/openstack\"]",
      "instances": [
        {
          "schema_version": 0,
          "attributes": {
            "admin_state_up": true,
            "all_fixed_ips": [
              "192.168.254.22"
            ],
            "all_security_group_ids": [
              "d285187d-9e9a-4982-a7f9-8b55e0fdc6fb"
            ],
            "all_tags": [],
            "allowed_address_pairs": [],
            "binding": [
              {
                "host_id": "",
                "profile": "",
                "vif_details": {},
                "vif_type": "",
                "vnic_type": "normal"
              }
            ],
            "description": "",
            "device_id": "",
            "device_owner": "",
            "dns_assignment": [],
            "dns_name": "",
            "extra_dhcp_option": [],
            "fixed_ip": [
              {
                "ip_address": "192.168.254.22",
                "subnet_id": "87f1121e-49d6-457e-ab64-f25c8a1eaeed"
              }
            ],
            "id": "3f85f5a2-7a07-4563-bff8-32f345635a8e",
            "mac_address": "fa:16:3e:06:0c:9b",
            "name": "port_node-2",
            "network_id": "4165939d-b920-4881-a953-63626cc45a7b",
            "no_fixed_ip": null,
            "no_security_groups": null,
            "port_security_enabled": true,
            "qos_policy_id": "",
            "region": "RegionOne",
            "security_group_ids": [
              "d285187d-9e9a-4982-a7f9-8b55e0fdc6fb"
            ],
            "tags": null,
            "tenant_id": "12d2cf68600f4cb784ec52fa5281447e",
            "timeouts": null,
            "value_specs": null
          },
          "sensitive_attributes": [],
          "private": "eyJlMmJmYjczMC1lY2FhLTExZTYtOGY4OC0zNDM2M2JjN2M0YzAiOnsiY3JlYXRlIjo2MDAwMDAwMDAwMDAsImRlbGV0ZSI6NjAwMDAwMDAwMDAwfX0=",
          "dependencies": [
            "openstack_networking_network_v2.terraform-network-1",
            "openstack_networking_secgroup_v2.sicgru",
            "openstack_networking_subnet_v2.terraform-subnet-1"
          ]
        }
      ]
    },
    {
      "mode": "managed",
      "type": "openstack_networking_port_v2",
      "name": "port_node-3",
      "provider": "provider[\"registry.terraform.io/terraform-provider-openstack/openstack\"]",
      "instances": [
        {
          "schema_version": 0,
          "attributes": {
            "admin_state_up": true,
            "all_fixed_ips": [
              "192.168.254.23"
            ],
            "all_security_group_ids": [
              "d285187d-9e9a-4982-a7f9-8b55e0fdc6fb"
            ],
            "all_tags": [],
            "allowed_address_pairs": [],
            "binding": [
              {
                "host_id": "",
                "profile": "",
                "vif_details": {},
                "vif_type": "",
                "vnic_type": "normal"
              }
            ],
            "description": "",
            "device_id": "",
            "device_owner": "",
            "dns_assignment": [],
            "dns_name": "",
            "extra_dhcp_option": [],
            "fixed_ip": [
              {
                "ip_address": "192.168.254.23",
                "subnet_id": "87f1121e-49d6-457e-ab64-f25c8a1eaeed"
              }
            ],
            "id": "8a2d3e3f-c929-447b-95b1-4e3e58c0ac61",
            "mac_address": "fa:16:3e:3a:ff:0e",
            "name": "port_node-3",
            "network_id": "4165939d-b920-4881-a953-63626cc45a7b",
            "no_fixed_ip": null,
            "no_security_groups": null,
            "port_security_enabled": true,
            "qos_policy_id": "",
            "region": "RegionOne",
            "security_group_ids": [
              "d285187d-9e9a-4982-a7f9-8b55e0fdc6fb"
            ],
            "tags": null,
            "tenant_id": "12d2cf68600f4cb784ec52fa5281447e",
            "timeouts": null,
            "value_specs": null
          },
          "sensitive_attributes": [],
          "private": "eyJlMmJmYjczMC1lY2FhLTExZTYtOGY4OC0zNDM2M2JjN2M0YzAiOnsiY3JlYXRlIjo2MDAwMDAwMDAwMDAsImRlbGV0ZSI6NjAwMDAwMDAwMDAwfX0=",
          "dependencies": [
            "openstack_networking_network_v2.terraform-network-1",
            "openstack_networking_secgroup_v2.sicgru",
            "openstack_networking_subnet_v2.terraform-subnet-1"
          ]
        }
      ]
    },
    {
      "mode": "managed",
      "type": "openstack_networking_router_interface_v2",
      "name": "router_interface_1",
      "provider": "provider[\"registry.terraform.io/terraform-provider-openstack/openstack\"]",
      "instances": [
        {
          "schema_version": 0,
          "attributes": {
            "force_destroy": false,
            "id": "f2690bb1-09c3-4eb9-ae66-60121dc4e546",
            "port_id": "f2690bb1-09c3-4eb9-ae66-60121dc4e546",
            "region": "RegionOne",
            "router_id": "c4de82ec-9ee6-46f7-8393-59e4dabafa8c",
            "subnet_id": "87f1121e-49d6-457e-ab64-f25c8a1eaeed",
            "timeouts": null
          },
          "sensitive_attributes": [],
          "private": "eyJlMmJmYjczMC1lY2FhLTExZTYtOGY4OC0zNDM2M2JjN2M0YzAiOnsiY3JlYXRlIjo2MDAwMDAwMDAwMDAsImRlbGV0ZSI6NjAwMDAwMDAwMDAwfX0=",
          "dependencies": [
            "data.openstack_networking_router_v2.router-1",
            "openstack_networking_network_v2.terraform-network-1",
            "openstack_networking_subnet_v2.terraform-subnet-1"
          ]
        }
      ]
    },
    {
      "mode": "managed",
      "type": "openstack_networking_secgroup_rule_v2",
      "name": "sicgru-rule-cluster-internal",
      "provider": "provider[\"registry.terraform.io/terraform-provider-openstack/openstack\"]",
      "instances": [
        {
          "schema_version": 0,
          "attributes": {
            "description": "",
            "direction": "ingress",
            "ethertype": "IPv4",
            "id": "bb364249-de5f-462c-8c91-a60637895700",
            "port_range_max": 0,
            "port_range_min": 0,
            "protocol": "tcp",
            "region": "RegionOne",
            "remote_group_id": "",
            "remote_ip_prefix": "192.168.254.0/24",
            "security_group_id": "d285187d-9e9a-4982-a7f9-8b55e0fdc6fb",
            "tenant_id": "12d2cf68600f4cb784ec52fa5281447e",
            "timeouts": null
          },
          "sensitive_attributes": [],
          "private": "eyJlMmJmYjczMC1lY2FhLTExZTYtOGY4OC0zNDM2M2JjN2M0YzAiOnsiZGVsZXRlIjo2MDAwMDAwMDAwMDB9fQ==",
          "dependencies": [
            "openstack_networking_secgroup_v2.sicgru"
          ]
        }
      ]
    },
    {
      "mode": "managed",
      "type": "openstack_networking_secgroup_rule_v2",
      "name": "sicgru-rule-gluster-bricks",
      "provider": "provider[\"registry.terraform.io/terraform-provider-openstack/openstack\"]",
      "instances": [
        {
          "schema_version": 0,
          "attributes": {
            "description": "",
            "direction": "ingress",
            "ethertype": "IPv4",
            "id": "c8d56514-fd9a-46d0-bb9c-a1080627b08d",
            "port_range_max": 49156,
            "port_range_min": 49152,
            "protocol": "tcp",
            "region": "RegionOne",
            "remote_group_id": "",
            "remote_ip_prefix": "",
            "security_group_id": "d285187d-9e9a-4982-a7f9-8b55e0fdc6fb",
            "tenant_id": "12d2cf68600f4cb784ec52fa5281447e",
            "timeouts": null
          },
          "sensitive_attributes": [],
          "private": "eyJlMmJmYjczMC1lY2FhLTExZTYtOGY4OC0zNDM2M2JjN2M0YzAiOnsiZGVsZXRlIjo2MDAwMDAwMDAwMDB9fQ==",
          "dependencies": [
            "openstack_networking_secgroup_v2.sicgru"
          ]
        }
      ]
    },
    {
      "mode": "managed",
      "type": "openstack_networking_secgroup_rule_v2",
      "name": "sicgru-rule-gluster-comm-tcp",
      "provider": "provider[\"registry.terraform.io/terraform-provider-openstack/openstack\"]",
      "instances": [
        {
          "schema_version": 0,
          "attributes": {
            "description": "",
            "direction": "ingress",
            "ethertype": "IPv4",
            "id": "454ed0cc-720b-4b6e-a5c5-83c71ce1f964",
            "port_range_max": 24008,
            "port_range_min": 24008,
            "protocol": "tcp",
            "region": "RegionOne",
            "remote_group_id": "",
            "remote_ip_prefix": "",
            "security_group_id": "d285187d-9e9a-4982-a7f9-8b55e0fdc6fb",
            "tenant_id": "12d2cf68600f4cb784ec52fa5281447e",
            "timeouts": null
          },
          "sensitive_attributes": [],
          "private": "eyJlMmJmYjczMC1lY2FhLTExZTYtOGY4OC0zNDM2M2JjN2M0YzAiOnsiZGVsZXRlIjo2MDAwMDAwMDAwMDB9fQ==",
          "dependencies": [
            "openstack_networking_secgroup_v2.sicgru"
          ]
        }
      ]
    },
    {
      "mode": "managed",
      "type": "openstack_networking_secgroup_rule_v2",
      "name": "sicgru-rule-gluster-mgm-tcp",
      "provider": "provider[\"registry.terraform.io/terraform-provider-openstack/openstack\"]",
      "instances": [
        {
          "schema_version": 0,
          "attributes": {
            "description": "",
            "direction": "ingress",
            "ethertype": "IPv4",
            "id": "99c3c8d7-eecb-4427-88ed-6617621a195d",
            "port_range_max": 24007,
            "port_range_min": 24007,
            "protocol": "tcp",
            "region": "RegionOne",
            "remote_group_id": "",
            "remote_ip_prefix": "",
            "security_group_id": "d285187d-9e9a-4982-a7f9-8b55e0fdc6fb",
            "tenant_id": "12d2cf68600f4cb784ec52fa5281447e",
            "timeouts": null
          },
          "sensitive_attributes": [],
          "private": "eyJlMmJmYjczMC1lY2FhLTExZTYtOGY4OC0zNDM2M2JjN2M0YzAiOnsiZGVsZXRlIjo2MDAwMDAwMDAwMDB9fQ==",
          "dependencies": [
            "openstack_networking_secgroup_v2.sicgru"
          ]
        }
      ]
    },
    {
      "mode": "managed",
      "type": "openstack_networking_secgroup_rule_v2",
      "name": "sicgru-rule-gluster-mgm-udp",
      "provider": "provider[\"registry.terraform.io/terraform-provider-openstack/openstack\"]",
      "instances": [
        {
          "schema_version": 0,
          "attributes": {
            "description": "",
            "direction": "ingress",
            "ethertype": "IPv4",
            "id": "3dacabf2-8f5c-45f3-92c0-80677d858dcc",
            "port_range_max": 24007,
            "port_range_min": 24007,
            "protocol": "udp",
            "region": "RegionOne",
            "remote_group_id": "",
            "remote_ip_prefix": "",
            "security_group_id": "d285187d-9e9a-4982-a7f9-8b55e0fdc6fb",
            "tenant_id": "12d2cf68600f4cb784ec52fa5281447e",
            "timeouts": null
          },
          "sensitive_attributes": [],
          "private": "eyJlMmJmYjczMC1lY2FhLTExZTYtOGY4OC0zNDM2M2JjN2M0YzAiOnsiZGVsZXRlIjo2MDAwMDAwMDAwMDB9fQ==",
          "dependencies": [
            "openstack_networking_secgroup_v2.sicgru"
          ]
        }
      ]
    },
    {
      "mode": "managed",
      "type": "openstack_networking_secgroup_rule_v2",
      "name": "sicgru-rule-gluster-udp",
      "provider": "provider[\"registry.terraform.io/terraform-provider-openstack/openstack\"]",
      "instances": [
        {
          "schema_version": 0,
          "attributes": {
            "description": "",
            "direction": "ingress",
            "ethertype": "IPv4",
            "id": "b26c01ad-8aa0-42ed-a3fa-e4c09c976739",
            "port_range_max": 24008,
            "port_range_min": 24008,
            "protocol": "udp",
            "region": "RegionOne",
            "remote_group_id": "",
            "remote_ip_prefix": "",
            "security_group_id": "d285187d-9e9a-4982-a7f9-8b55e0fdc6fb",
            "tenant_id": "12d2cf68600f4cb784ec52fa5281447e",
            "timeouts": null
          },
          "sensitive_attributes": [],
          "private": "eyJlMmJmYjczMC1lY2FhLTExZTYtOGY4OC0zNDM2M2JjN2M0YzAiOnsiZGVsZXRlIjo2MDAwMDAwMDAwMDB9fQ==",
          "dependencies": [
            "openstack_networking_secgroup_v2.sicgru"
          ]
        }
      ]
    },
    {
      "mode": "managed",
      "type": "openstack_networking_secgroup_rule_v2",
      "name": "sicgru-rule-plngx",
      "provider": "provider[\"registry.terraform.io/terraform-provider-openstack/openstack\"]",
      "instances": [
        {
          "schema_version": 0,
          "attributes": {
            "description": "",
            "direction": "ingress",
            "ethertype": "IPv4",
            "id": "42c2d85c-aa3b-4d94-bb22-38dc5eeb3ccd",
            "port_range_max": 8000,
            "port_range_min": 8000,
            "protocol": "tcp",
            "region": "RegionOne",
            "remote_group_id": "",
            "remote_ip_prefix": "",
            "security_group_id": "d285187d-9e9a-4982-a7f9-8b55e0fdc6fb",
            "tenant_id": "12d2cf68600f4cb784ec52fa5281447e",
            "timeouts": null
          },
          "sensitive_attributes": [],
          "private": "eyJlMmJmYjczMC1lY2FhLTExZTYtOGY4OC0zNDM2M2JjN2M0YzAiOnsiZGVsZXRlIjo2MDAwMDAwMDAwMDB9fQ==",
          "dependencies": [
            "openstack_networking_secgroup_v2.sicgru"
          ]
        }
      ]
    },
    {
      "mode": "managed",
      "type": "openstack_networking_secgroup_rule_v2",
      "name": "sicgru-rule-ssh-plngx",
      "provider": "provider[\"registry.terraform.io/terraform-provider-openstack/openstack\"]",
      "instances": [
        {
          "schema_version": 0,
          "attributes": {
            "description": "",
            "direction": "ingress",
            "ethertype": "IPv4",
            "id": "60a49433-0f2e-433f-8969-58187a3c9b9e",
            "port_range_max": 22,
            "port_range_min": 22,
            "protocol": "tcp",
            "region": "RegionOne",
            "remote_group_id": "",
            "remote_ip_prefix": "",
            "security_group_id": "d285187d-9e9a-4982-a7f9-8b55e0fdc6fb",
            "tenant_id": "12d2cf68600f4cb784ec52fa5281447e",
            "timeouts": null
          },
          "sensitive_attributes": [],
          "private": "eyJlMmJmYjczMC1lY2FhLTExZTYtOGY4OC0zNDM2M2JjN2M0YzAiOnsiZGVsZXRlIjo2MDAwMDAwMDAwMDB9fQ==",
          "dependencies": [
            "openstack_networking_secgroup_v2.sicgru"
          ]
        }
      ]
    },
    {
      "mode": "managed",
      "type": "openstack_networking_secgroup_v2",
      "name": "sicgru",
      "provider": "provider[\"registry.terraform.io/terraform-provider-openstack/openstack\"]",
      "instances": [
        {
          "schema_version": 0,
          "attributes": {
            "all_tags": [],
            "delete_default_rules": null,
            "description": "Sec Group for Project PaperlessNGX",
            "id": "d285187d-9e9a-4982-a7f9-8b55e0fdc6fb",
            "name": "secgroupforproject",
            "region": "RegionOne",
            "tags": null,
            "tenant_id": "12d2cf68600f4cb784ec52fa5281447e",
            "timeouts": null
          },
          "sensitive_attributes": [],
          "private": "eyJlMmJmYjczMC1lY2FhLTExZTYtOGY4OC0zNDM2M2JjN2M0YzAiOnsiZGVsZXRlIjo2MDAwMDAwMDAwMDB9fQ=="
        }
      ]
    },
    {
      "mode": "managed",
      "type": "openstack_networking_subnet_v2",
      "name": "terraform-subnet-1",
      "provider": "provider[\"registry.terraform.io/terraform-provider-openstack/openstack\"]",
      "instances": [
        {
          "schema_version": 0,
          "attributes": {
            "all_tags": [],
            "allocation_pool": [
              {
                "end": "192.168.254.254",
                "start": "192.168.254.2"
              }
            ],
            "cidr": "192.168.254.0/24",
            "description": "",
            "dns_nameservers": [
              "10.33.16.100",
              "8.8.8.8"
            ],
            "enable_dhcp": true,
            "gateway_ip": "192.168.254.1",
            "id": "87f1121e-49d6-457e-ab64-f25c8a1eaeed",
            "ip_version": 4,
            "ipv6_address_mode": "",
            "ipv6_ra_mode": "",
            "name": "projekt-subnet",
            "network_id": "4165939d-b920-4881-a953-63626cc45a7b",
            "no_gateway": false,
            "prefix_length": null,
            "region": "RegionOne",
            "service_types": [],
            "subnetpool_id": "",
            "tags": null,
            "tenant_id": "12d2cf68600f4cb784ec52fa5281447e",
            "timeouts": null,
            "value_specs": null
          },
          "sensitive_attributes": [],
          "private": "eyJlMmJmYjczMC1lY2FhLTExZTYtOGY4OC0zNDM2M2JjN2M0YzAiOnsiY3JlYXRlIjo2MDAwMDAwMDAwMDAsImRlbGV0ZSI6NjAwMDAwMDAwMDAwfX0=",
          "dependencies": [
            "openstack_networking_network_v2.terraform-network-1"
          ]
        }
      ]
    }
  ],
  "check_results": null
}
