{
  "version": 4,
  "terraform_version": "1.10.5",
  "serial": 18,
  "lineage": "3f1289c0-cf61-a40c-fc9a-5eff16851677",
  "outputs": {},
  "resources": [
    {
      "mode": "data",
      "type": "openstack_networking_router_v2",
      "name": "router-1",
      "provider": "provider[\"registry.terraform.io/terraform-provider-openstack/openstack\"]",
      "instances": [
        {
          "schema_version": 0,
          "attributes": {
            "admin_state_up": true,
            "all_tags": [],
            "availability_zone_hints": [],
            "description": "",
            "distributed": false,
            "enable_snat": true,
            "external_fixed_ip": [
              {
                "ip_address": "10.32.6.90",
                "subnet_id": "8a92550a-de9d-458b-a81a-bb75e9713de3"
              }
            ],
            "external_network_id": "6f530989-999a-49e6-9197-8a33ae7bfce7",
            "id": "c4de82ec-9ee6-46f7-8393-59e4dabafa8c",
            "name": "CloudServ6-router",
            "region": "RegionOne",
            "router_id": null,
            "status": "ACTIVE",
            "tags": null,
            "tenant_id": "12d2cf68600f4cb784ec52fa5281447e"
          },
          "sensitive_attributes": []
        }
      ]
    },
    {
      "mode": "managed",
      "type": "openstack_networking_network_v2",
      "name": "terraform-network-1",
      "provider": "provider[\"registry.terraform.io/terraform-provider-openstack/openstack\"]",
      "instances": [
        {
          "schema_version": 0,
          "attributes": {
            "admin_state_up": true,
            "all_tags": [],
            "availability_zone_hints": [],
            "description": "",
            "dns_domain": "",
            "external": false,
            "id": "9e1163ab-21ed-4895-84e3-3b2bd12eaa96",
            "mtu": 1442,
            "name": "projekt-net",
            "port_security_enabled": true,
            "qos_policy_id": "",
            "region": "RegionOne",
            "segments": [],
            "shared": false,
            "tags": null,
            "tenant_id": "12d2cf68600f4cb784ec52fa5281447e",
            "timeouts": null,
            "transparent_vlan": false,
            "value_specs": null
          },
          "sensitive_attributes": [],
          "private": "eyJlMmJmYjczMC1lY2FhLTExZTYtOGY4OC0zNDM2M2JjN2M0YzAiOnsiY3JlYXRlIjo2MDAwMDAwMDAwMDAsImRlbGV0ZSI6NjAwMDAwMDAwMDAwfX0="
        }
      ]
    },
    {
      "mode": "managed",
      "type": "openstack_networking_port_v2",
      "name": "port_mgmt",
      "provider": "provider[\"registry.terraform.io/terraform-provider-openstack/openstack\"]",
      "instances": [
        {
          "schema_version": 0,
          "attributes": {
            "admin_state_up": true,
            "all_fixed_ips": [
              "192.168.254.20"
            ],
            "all_security_group_ids": [
              "23b7761a-8787-44f9-a337-3fc1f6626e4b"
            ],
            "all_tags": [],
            "allowed_address_pairs": [],
            "binding": [
              {
                "host_id": "",
                "profile": "",
                "vif_details": {},
                "vif_type": "",
                "vnic_type": "normal"
              }
            ],
            "description": "",
            "device_id": "",
            "device_owner": "",
            "dns_assignment": [],
            "dns_name": "",
            "extra_dhcp_option": [],
            "fixed_ip": [
              {
                "ip_address": "192.168.254.20",
                "subnet_id": "a0ddab54-b7bc-4f9b-acde-0c74e1174340"
              }
            ],
            "id": "e05cce6c-de6f-4739-9eb4-6eda5ca1575c",
            "mac_address": "fa:16:3e:de:74:e8",
            "name": "port_mgmt",
            "network_id": "9e1163ab-21ed-4895-84e3-3b2bd12eaa96",
            "no_fixed_ip": null,
            "no_security_groups": null,
            "port_security_enabled": true,
            "qos_policy_id": "",
            "region": "RegionOne",
            "security_group_ids": [
              "23b7761a-8787-44f9-a337-3fc1f6626e4b"
            ],
            "tags": null,
            "tenant_id": "12d2cf68600f4cb784ec52fa5281447e",
            "timeouts": null,
            "value_specs": null
          },
          "sensitive_attributes": [],
          "private": "eyJlMmJmYjczMC1lY2FhLTExZTYtOGY4OC0zNDM2M2JjN2M0YzAiOnsiY3JlYXRlIjo2MDAwMDAwMDAwMDAsImRlbGV0ZSI6NjAwMDAwMDAwMDAwfX0=",
          "dependencies": [
            "openstack_networking_network_v2.terraform-network-1",
            "openstack_networking_secgroup_v2.sicgru",
            "openstack_networking_subnet_v2.terraform-subnet-1"
          ]
        }
      ]
    },
    {
      "mode": "managed",
      "type": "openstack_networking_port_v2",
      "name": "port_node-1",
      "provider": "provider[\"registry.terraform.io/terraform-provider-openstack/openstack\"]",
      "instances": [
        {
          "schema_version": 0,
          "attributes": {
            "admin_state_up": true,
            "all_fixed_ips": [
              "192.168.254.21"
            ],
            "all_security_group_ids": [
              "23b7761a-8787-44f9-a337-3fc1f6626e4b"
            ],
            "all_tags": [],
            "allowed_address_pairs": [],
            "binding": [
              {
                "host_id": "",
                "profile": "",
                "vif_details": {},
                "vif_type": "",
                "vnic_type": "normal"
              }
            ],
            "description": "",
            "device_id": "",
            "device_owner": "",
            "dns_assignment": [],
            "dns_name": "",
            "extra_dhcp_option": [],
            "fixed_ip": [
              {
                "ip_address": "192.168.254.21",
                "subnet_id": "a0ddab54-b7bc-4f9b-acde-0c74e1174340"
              }
            ],
            "id": "6c4ec536-f8cc-4d36-b8d8-1e2670136ec6",
            "mac_address": "fa:16:3e:e7:89:39",
            "name": "port_node-1",
            "network_id": "9e1163ab-21ed-4895-84e3-3b2bd12eaa96",
            "no_fixed_ip": null,
            "no_security_groups": null,
            "port_security_enabled": true,
            "qos_policy_id": "",
            "region": "RegionOne",
            "security_group_ids": [
              "23b7761a-8787-44f9-a337-3fc1f6626e4b"
            ],
            "tags": null,
            "tenant_id": "12d2cf68600f4cb784ec52fa5281447e",
            "timeouts": null,
            "value_specs": null
          },
          "sensitive_attributes": [],
          "private": "eyJlMmJmYjczMC1lY2FhLTExZTYtOGY4OC0zNDM2M2JjN2M0YzAiOnsiY3JlYXRlIjo2MDAwMDAwMDAwMDAsImRlbGV0ZSI6NjAwMDAwMDAwMDAwfX0=",
          "dependencies": [
            "openstack_networking_network_v2.terraform-network-1",
            "openstack_networking_secgroup_v2.sicgru",
            "openstack_networking_subnet_v2.terraform-subnet-1"
          ]
        }
      ]
    },
    {
      "mode": "managed",
      "type": "openstack_networking_port_v2",
      "name": "port_node-2",
      "provider": "provider[\"registry.terraform.io/terraform-provider-openstack/openstack\"]",
      "instances": [
        {
          "schema_version": 0,
          "attributes": {
            "admin_state_up": true,
            "all_fixed_ips": [
              "192.168.254.22"
            ],
            "all_security_group_ids": [
              "23b7761a-8787-44f9-a337-3fc1f6626e4b"
            ],
            "all_tags": [],
            "allowed_address_pairs": [],
            "binding": [
              {
                "host_id": "",
                "profile": "",
                "vif_details": {},
                "vif_type": "",
                "vnic_type": "normal"
              }
            ],
            "description": "",
            "device_id": "",
            "device_owner": "",
            "dns_assignment": [],
            "dns_name": "",
            "extra_dhcp_option": [],
            "fixed_ip": [
              {
                "ip_address": "192.168.254.22",
                "subnet_id": "a0ddab54-b7bc-4f9b-acde-0c74e1174340"
              }
            ],
            "id": "6ede3be2-e0be-4f99-8e6f-2a82f6d7e819",
            "mac_address": "fa:16:3e:e6:6a:fd",
            "name": "port_node-2",
            "network_id": "9e1163ab-21ed-4895-84e3-3b2bd12eaa96",
            "no_fixed_ip": null,
            "no_security_groups": null,
            "port_security_enabled": true,
            "qos_policy_id": "",
            "region": "RegionOne",
            "security_group_ids": [
              "23b7761a-8787-44f9-a337-3fc1f6626e4b"
            ],
            "tags": null,
            "tenant_id": "12d2cf68600f4cb784ec52fa5281447e",
            "timeouts": null,
            "value_specs": null
          },
          "sensitive_attributes": [],
          "private": "eyJlMmJmYjczMC1lY2FhLTExZTYtOGY4OC0zNDM2M2JjN2M0YzAiOnsiY3JlYXRlIjo2MDAwMDAwMDAwMDAsImRlbGV0ZSI6NjAwMDAwMDAwMDAwfX0=",
          "dependencies": [
            "openstack_networking_network_v2.terraform-network-1",
            "openstack_networking_secgroup_v2.sicgru",
            "openstack_networking_subnet_v2.terraform-subnet-1"
          ]
        }
      ]
    },
    {
      "mode": "managed",
      "type": "openstack_networking_port_v2",
      "name": "port_node-3",
      "provider": "provider[\"registry.terraform.io/terraform-provider-openstack/openstack\"]",
      "instances": [
        {
          "schema_version": 0,
          "attributes": {
            "admin_state_up": true,
            "all_fixed_ips": [
              "192.168.254.23"
            ],
            "all_security_group_ids": [
              "23b7761a-8787-44f9-a337-3fc1f6626e4b"
            ],
            "all_tags": [],
            "allowed_address_pairs": [],
            "binding": [
              {
                "host_id": "",
                "profile": "",
                "vif_details": {},
                "vif_type": "",
                "vnic_type": "normal"
              }
            ],
            "description": "",
            "device_id": "",
            "device_owner": "",
            "dns_assignment": [],
            "dns_name": "",
            "extra_dhcp_option": [],
            "fixed_ip": [
              {
                "ip_address": "192.168.254.23",
                "subnet_id": "a0ddab54-b7bc-4f9b-acde-0c74e1174340"
              }
            ],
            "id": "b0b04126-3fb4-4529-afa7-bbc03a939808",
            "mac_address": "fa:16:3e:af:3b:13",
            "name": "port_node-3",
            "network_id": "9e1163ab-21ed-4895-84e3-3b2bd12eaa96",
            "no_fixed_ip": null,
            "no_security_groups": null,
            "port_security_enabled": true,
            "qos_policy_id": "",
            "region": "RegionOne",
            "security_group_ids": [
              "23b7761a-8787-44f9-a337-3fc1f6626e4b"
            ],
            "tags": null,
            "tenant_id": "12d2cf68600f4cb784ec52fa5281447e",
            "timeouts": null,
            "value_specs": null
          },
          "sensitive_attributes": [],
          "private": "eyJlMmJmYjczMC1lY2FhLTExZTYtOGY4OC0zNDM2M2JjN2M0YzAiOnsiY3JlYXRlIjo2MDAwMDAwMDAwMDAsImRlbGV0ZSI6NjAwMDAwMDAwMDAwfX0=",
          "dependencies": [
            "openstack_networking_network_v2.terraform-network-1",
            "openstack_networking_secgroup_v2.sicgru",
            "openstack_networking_subnet_v2.terraform-subnet-1"
          ]
        }
      ]
    },
    {
      "mode": "managed",
      "type": "openstack_networking_secgroup_rule_v2",
      "name": "sicgru-rule-cluster-internal",
      "provider": "provider[\"registry.terraform.io/terraform-provider-openstack/openstack\"]",
      "instances": [
        {
          "schema_version": 0,
          "attributes": {
            "description": "",
            "direction": "ingress",
            "ethertype": "IPv4",
            "id": "5949540f-967b-4d77-a3a8-cc0375037220",
            "port_range_max": 0,
            "port_range_min": 0,
            "protocol": "tcp",
            "region": "RegionOne",
            "remote_group_id": "",
            "remote_ip_prefix": "192.168.254.0/24",
            "security_group_id": "23b7761a-8787-44f9-a337-3fc1f6626e4b",
            "tenant_id": "12d2cf68600f4cb784ec52fa5281447e",
            "timeouts": null
          },
          "sensitive_attributes": [],
          "private": "eyJlMmJmYjczMC1lY2FhLTExZTYtOGY4OC0zNDM2M2JjN2M0YzAiOnsiZGVsZXRlIjo2MDAwMDAwMDAwMDB9fQ==",
          "dependencies": [
            "openstack_networking_secgroup_v2.sicgru"
          ]
        }
      ]
    },
    {
      "mode": "managed",
      "type": "openstack_networking_secgroup_rule_v2",
      "name": "sicgru-rule-gluster-bricks",
      "provider": "provider[\"registry.terraform.io/terraform-provider-openstack/openstack\"]",
      "instances": [
        {
          "schema_version": 0,
          "attributes": {
            "description": "",
            "direction": "ingress",
            "ethertype": "IPv4",
            "id": "75a136e6-da56-4fb9-bcef-6aea98ced53d",
            "port_range_max": 49156,
            "port_range_min": 49152,
            "protocol": "tcp",
            "region": "RegionOne",
            "remote_group_id": "",
            "remote_ip_prefix": "",
            "security_group_id": "23b7761a-8787-44f9-a337-3fc1f6626e4b",
            "tenant_id": "12d2cf68600f4cb784ec52fa5281447e",
            "timeouts": null
          },
          "sensitive_attributes": [],
          "private": "eyJlMmJmYjczMC1lY2FhLTExZTYtOGY4OC0zNDM2M2JjN2M0YzAiOnsiZGVsZXRlIjo2MDAwMDAwMDAwMDB9fQ==",
          "dependencies": [
            "openstack_networking_secgroup_v2.sicgru"
          ]
        }
      ]
    },
    {
      "mode": "managed",
      "type": "openstack_networking_secgroup_rule_v2",
      "name": "sicgru-rule-gluster-comm-tcp",
      "provider": "provider[\"registry.terraform.io/terraform-provider-openstack/openstack\"]",
      "instances": [
        {
          "schema_version": 0,
          "attributes": {
            "description": "",
            "direction": "ingress",
            "ethertype": "IPv4",
            "id": "5afc4406-5fd4-43e0-9bc9-d043dc28e556",
            "port_range_max": 24008,
            "port_range_min": 24008,
            "protocol": "tcp",
            "region": "RegionOne",
            "remote_group_id": "",
            "remote_ip_prefix": "",
            "security_group_id": "23b7761a-8787-44f9-a337-3fc1f6626e4b",
            "tenant_id": "12d2cf68600f4cb784ec52fa5281447e",
            "timeouts": null
          },
          "sensitive_attributes": [],
          "private": "eyJlMmJmYjczMC1lY2FhLTExZTYtOGY4OC0zNDM2M2JjN2M0YzAiOnsiZGVsZXRlIjo2MDAwMDAwMDAwMDB9fQ==",
          "dependencies": [
            "openstack_networking_secgroup_v2.sicgru"
          ]
        }
      ]
    },
    {
      "mode": "managed",
      "type": "openstack_networking_secgroup_rule_v2",
      "name": "sicgru-rule-gluster-mgm-tcp",
      "provider": "provider[\"registry.terraform.io/terraform-provider-openstack/openstack\"]",
      "instances": [
        {
          "schema_version": 0,
          "attributes": {
            "description": "",
            "direction": "ingress",
            "ethertype": "IPv4",
            "id": "ba950f02-1d6b-4393-8426-21b04d554517",
            "port_range_max": 24007,
            "port_range_min": 24007,
            "protocol": "tcp",
            "region": "RegionOne",
            "remote_group_id": "",
            "remote_ip_prefix": "",
            "security_group_id": "23b7761a-8787-44f9-a337-3fc1f6626e4b",
            "tenant_id": "12d2cf68600f4cb784ec52fa5281447e",
            "timeouts": null
          },
          "sensitive_attributes": [],
          "private": "eyJlMmJmYjczMC1lY2FhLTExZTYtOGY4OC0zNDM2M2JjN2M0YzAiOnsiZGVsZXRlIjo2MDAwMDAwMDAwMDB9fQ==",
          "dependencies": [
            "openstack_networking_secgroup_v2.sicgru"
          ]
        }
      ]
    },
    {
      "mode": "managed",
      "type": "openstack_networking_secgroup_rule_v2",
      "name": "sicgru-rule-gluster-mgm-udp",
      "provider": "provider[\"registry.terraform.io/terraform-provider-openstack/openstack\"]",
      "instances": [
        {
          "schema_version": 0,
          "attributes": {
            "description": "",
            "direction": "ingress",
            "ethertype": "IPv4",
            "id": "acc452db-6b3a-48d0-a1de-cc2da1e32226",
            "port_range_max": 24007,
            "port_range_min": 24007,
            "protocol": "udp",
            "region": "RegionOne",
            "remote_group_id": "",
            "remote_ip_prefix": "",
            "security_group_id": "23b7761a-8787-44f9-a337-3fc1f6626e4b",
            "tenant_id": "12d2cf68600f4cb784ec52fa5281447e",
            "timeouts": null
          },
          "sensitive_attributes": [],
          "private": "eyJlMmJmYjczMC1lY2FhLTExZTYtOGY4OC0zNDM2M2JjN2M0YzAiOnsiZGVsZXRlIjo2MDAwMDAwMDAwMDB9fQ==",
          "dependencies": [
            "openstack_networking_secgroup_v2.sicgru"
          ]
        }
      ]
    },
    {
      "mode": "managed",
      "type": "openstack_networking_secgroup_rule_v2",
      "name": "sicgru-rule-gluster-udp",
      "provider": "provider[\"registry.terraform.io/terraform-provider-openstack/openstack\"]",
      "instances": [
        {
          "schema_version": 0,
          "attributes": {
            "description": "",
            "direction": "ingress",
            "ethertype": "IPv4",
            "id": "2ea6974c-21d3-42d0-8c17-61c019945022",
            "port_range_max": 24008,
            "port_range_min": 24008,
            "protocol": "udp",
            "region": "RegionOne",
            "remote_group_id": "",
            "remote_ip_prefix": "",
            "security_group_id": "23b7761a-8787-44f9-a337-3fc1f6626e4b",
            "tenant_id": "12d2cf68600f4cb784ec52fa5281447e",
            "timeouts": null
          },
          "sensitive_attributes": [],
          "private": "eyJlMmJmYjczMC1lY2FhLTExZTYtOGY4OC0zNDM2M2JjN2M0YzAiOnsiZGVsZXRlIjo2MDAwMDAwMDAwMDB9fQ==",
          "dependencies": [
            "openstack_networking_secgroup_v2.sicgru"
          ]
        }
      ]
    },
    {
      "mode": "managed",
      "type": "openstack_networking_secgroup_rule_v2",
      "name": "sicgru-rule-plngx",
      "provider": "provider[\"registry.terraform.io/terraform-provider-openstack/openstack\"]",
      "instances": [
        {
          "schema_version": 0,
          "attributes": {
            "description": "",
            "direction": "ingress",
            "ethertype": "IPv4",
            "id": "8cfc70c8-d099-4219-a568-094fca2bb997",
            "port_range_max": 8000,
            "port_range_min": 8000,
            "protocol": "tcp",
            "region": "RegionOne",
            "remote_group_id": "",
            "remote_ip_prefix": "",
            "security_group_id": "23b7761a-8787-44f9-a337-3fc1f6626e4b",
            "tenant_id": "12d2cf68600f4cb784ec52fa5281447e",
            "timeouts": null
          },
          "sensitive_attributes": [],
          "private": "eyJlMmJmYjczMC1lY2FhLTExZTYtOGY4OC0zNDM2M2JjN2M0YzAiOnsiZGVsZXRlIjo2MDAwMDAwMDAwMDB9fQ==",
          "dependencies": [
            "openstack_networking_secgroup_v2.sicgru"
          ]
        }
      ]
    },
    {
      "mode": "managed",
      "type": "openstack_networking_secgroup_rule_v2",
      "name": "sicgru-rule-ssh-plngx",
      "provider": "provider[\"registry.terraform.io/terraform-provider-openstack/openstack\"]",
      "instances": [
        {
          "schema_version": 0,
          "attributes": {
            "description": "",
            "direction": "ingress",
            "ethertype": "IPv4",
            "id": "da6d141d-919d-4e20-a5c9-fa25650eb4d8",
            "port_range_max": 22,
            "port_range_min": 22,
            "protocol": "tcp",
            "region": "RegionOne",
            "remote_group_id": "",
            "remote_ip_prefix": "",
            "security_group_id": "23b7761a-8787-44f9-a337-3fc1f6626e4b",
            "tenant_id": "12d2cf68600f4cb784ec52fa5281447e",
            "timeouts": null
          },
          "sensitive_attributes": [],
          "private": "eyJlMmJmYjczMC1lY2FhLTExZTYtOGY4OC0zNDM2M2JjN2M0YzAiOnsiZGVsZXRlIjo2MDAwMDAwMDAwMDB9fQ==",
          "dependencies": [
            "openstack_networking_secgroup_v2.sicgru"
          ]
        }
      ]
    },
    {
      "mode": "managed",
      "type": "openstack_networking_secgroup_v2",
      "name": "sicgru",
      "provider": "provider[\"registry.terraform.io/terraform-provider-openstack/openstack\"]",
      "instances": [
        {
          "schema_version": 0,
          "attributes": {
            "all_tags": [],
            "delete_default_rules": null,
            "description": "Sec Group for Project PaperlessNGX",
            "id": "23b7761a-8787-44f9-a337-3fc1f6626e4b",
            "name": "secgroupforproject",
            "region": "RegionOne",
            "tags": null,
            "tenant_id": "12d2cf68600f4cb784ec52fa5281447e",
            "timeouts": null
          },
          "sensitive_attributes": [],
          "private": "eyJlMmJmYjczMC1lY2FhLTExZTYtOGY4OC0zNDM2M2JjN2M0YzAiOnsiZGVsZXRlIjo2MDAwMDAwMDAwMDB9fQ=="
        }
      ]
    },
    {
      "mode": "managed",
      "type": "openstack_networking_subnet_v2",
      "name": "terraform-subnet-1",
      "provider": "provider[\"registry.terraform.io/terraform-provider-openstack/openstack\"]",
      "instances": [
        {
          "schema_version": 0,
          "attributes": {
            "all_tags": [],
            "allocation_pool": [
              {
                "end": "192.168.254.254",
                "start": "192.168.254.2"
              }
            ],
            "cidr": "192.168.254.0/24",
            "description": "",
            "dns_nameservers": [
              "10.33.16.100",
              "8.8.8.8"
            ],
            "enable_dhcp": true,
            "gateway_ip": "192.168.254.1",
            "id": "a0ddab54-b7bc-4f9b-acde-0c74e1174340",
            "ip_version": 4,
            "ipv6_address_mode": "",
            "ipv6_ra_mode": "",
            "name": "projekt-subnet",
            "network_id": "9e1163ab-21ed-4895-84e3-3b2bd12eaa96",
            "no_gateway": false,
            "prefix_length": null,
            "region": "RegionOne",
            "service_types": [],
            "subnetpool_id": "",
            "tags": null,
            "tenant_id": "12d2cf68600f4cb784ec52fa5281447e",
            "timeouts": null,
            "value_specs": null
          },
          "sensitive_attributes": [],
          "private": "eyJlMmJmYjczMC1lY2FhLTExZTYtOGY4OC0zNDM2M2JjN2M0YzAiOnsiY3JlYXRlIjo2MDAwMDAwMDAwMDAsImRlbGV0ZSI6NjAwMDAwMDAwMDAwfX0=",
          "dependencies": [
            "openstack_networking_network_v2.terraform-network-1"
          ]
        }
      ]
    }
  ],
  "check_results": null
}
