{
  "version": 4,
  "terraform_version": "1.10.5",
  "serial": 1459,
  "lineage": "3ed3c8e9-7788-0d47-b9f1-637177ef2ecf",
  "outputs": {
    "docker_vip_addr": {
      "value": {
        "address": "10.32.7.151",
        "all_tags": [],
        "description": "",
        "dns_domain": "",
        "dns_name": "",
        "fixed_ip": "192.168.254.21",
        "id": "309b0a94-1d5c-4d2d-b17f-4b001cbb6d14",
        "pool": "ext_net",
        "port_id": "80015daf-b9a9-4573-9242-2eb5013d53a0",
        "region": "RegionOne",
        "subnet_id": null,
        "subnet_ids": null,
        "tags": null,
        "tenant_id": "12d2cf68600f4cb784ec52fa5281447e",
        "timeouts": null,
        "value_specs": null
      },
      "type": [
        "object",
        {
          "address": "string",
          "all_tags": [
            "set",
            "string"
          ],
          "description": "string",
          "dns_domain": "string",
          "dns_name": "string",
          "fixed_ip": "string",
          "id": "string",
          "pool": "string",
          "port_id": "string",
          "region": "string",
          "subnet_id": "string",
          "subnet_ids": [
            "list",
            "string"
          ],
          "tags": [
            "set",
            "string"
          ],
          "tenant_id": "string",
          "timeouts": [
            "object",
            {
              "create": "string",
              "delete": "string"
            }
          ],
          "value_specs": [
            "map",
            "string"
          ]
        }
      ]
    }
  },
  "resources": [
    {
      "mode": "data",
      "type": "openstack_networking_port_v2",
      "name": "port-1",
      "provider": "provider[\"registry.terraform.io/terraform-provider-openstack/openstack\"]",
      "instances": [
        {
          "schema_version": 0,
          "attributes": {
            "admin_state_up": true,
            "all_fixed_ips": [
              "192.168.254.21"
            ],
            "all_security_group_ids": [
              "3a994aa3-acff-46b8-afcc-cedac9ba2e38"
            ],
            "all_tags": [],
            "allowed_address_pairs": [],
            "binding": [
              {
                "host_id": "",
                "profile": "",
                "vif_details": {},
                "vif_type": "",
                "vnic_type": "normal"
              }
            ],
            "description": "",
            "device_id": "d54d5678-2db1-436a-8192-1c34d5e81d95",
            "device_owner": "compute:nova",
            "dns_assignment": [],
            "dns_name": "",
            "extra_dhcp_option": [],
            "fixed_ip": "192.168.254.21",
            "id": "80015daf-b9a9-4573-9242-2eb5013d53a0",
            "mac_address": "fa:16:3e:63:66:0d",
            "name": "port_node-1",
            "network_id": "026f8f83-c0ba-47d2-9805-2a6059105a78",
            "port_id": "80015daf-b9a9-4573-9242-2eb5013d53a0",
            "project_id": "12d2cf68600f4cb784ec52fa5281447e",
            "region": "RegionOne",
            "security_group_ids": null,
            "status": null,
            "tags": null,
            "tenant_id": "12d2cf68600f4cb784ec52fa5281447e"
          },
          "sensitive_attributes": []
        }
      ]
    },
    {
      "mode": "data",
      "type": "openstack_networking_router_v2",
      "name": "router-1",
      "provider": "provider[\"registry.terraform.io/terraform-provider-openstack/openstack\"]",
      "instances": [
        {
          "schema_version": 0,
          "attributes": {
            "admin_state_up": true,
            "all_tags": [],
            "availability_zone_hints": [],
            "description": "",
            "distributed": false,
            "enable_snat": true,
            "external_fixed_ip": [
              {
                "ip_address": "10.32.6.90",
                "subnet_id": "8a92550a-de9d-458b-a81a-bb75e9713de3"
              }
            ],
            "external_network_id": "6f530989-999a-49e6-9197-8a33ae7bfce7",
            "id": "c4de82ec-9ee6-46f7-8393-59e4dabafa8c",
            "name": "CloudServ6-router",
            "region": "RegionOne",
            "router_id": null,
            "status": "ACTIVE",
            "tags": null,
            "tenant_id": "12d2cf68600f4cb784ec52fa5281447e"
          },
          "sensitive_attributes": []
        }
      ]
    },
    {
      "mode": "managed",
      "type": "openstack_compute_instance_v2",
      "name": "management",
      "provider": "provider[\"registry.terraform.io/terraform-provider-openstack/openstack\"]",
      "instances": [
        {
          "schema_version": 0,
          "attributes": {
            "access_ip_v4": "192.168.254.10",
            "access_ip_v6": "",
            "admin_pass": null,
            "all_metadata": {},
            "all_tags": [],
            "availability_zone": "nova",
            "availability_zone_hints": null,
            "block_device": [],
            "config_drive": null,
            "created": "2025-01-30 14:49:50 +0000 UTC",
            "flavor_id": "2",
            "flavor_name": "m1.small",
            "force_delete": false,
            "id": "dea3bbdb-944e-400f-a1d6-8c5a3b30bd14",
            "image_id": "1404d277-1fd2-4682-9fbd-80c7d05b80e1",
            "image_name": "ubuntu-22.04-jammy-server-cloud-image-amd64",
            "key_pair": "projectone",
            "metadata": null,
            "name": "mgmt",
            "network": [
              {
                "access_network": false,
                "fixed_ip_v4": "192.168.254.10",
                "fixed_ip_v6": "",
                "mac": "fa:16:3e:b7:9f:1d",
                "name": "projekt-net",
                "port": "3fe1f32b-196a-4d0d-ae7e-4be7cd1dead8",
                "uuid": "026f8f83-c0ba-47d2-9805-2a6059105a78"
              }
            ],
            "network_mode": null,
            "personality": [],
            "power_state": "active",
            "region": "RegionOne",
            "scheduler_hints": [],
            "security_groups": [
              "Konstruct-secgroup2"
            ],
            "stop_before_destroy": false,
            "tags": null,
            "timeouts": null,
            "updated": "2025-01-30 14:50:01 +0000 UTC",
            "user_data": "859005ec886a59f1752a0469c0ad070c8de01e23",
            "vendor_options": []
          },
          "sensitive_attributes": [
            [
              {
                "type": "get_attr",
                "value": "admin_pass"
              }
            ]
          ],
          "private": "eyJlMmJmYjczMC1lY2FhLTExZTYtOGY4OC0zNDM2M2JjN2M0YzAiOnsiY3JlYXRlIjoxODAwMDAwMDAwMDAwLCJkZWxldGUiOjE4MDAwMDAwMDAwMDAsInVwZGF0ZSI6MTgwMDAwMDAwMDAwMH19",
          "dependencies": [
            "openstack_compute_keypair_v2.terraform-keypair",
            "openstack_networking_network_v2.terraform-network-1",
            "openstack_networking_port_v2.port_mgmt",
            "openstack_networking_secgroup_v2.terraform-secgroup2",
            "openstack_networking_subnet_v2.terraform-subnet-1"
          ]
        }
      ]
    },
    {
      "mode": "managed",
      "type": "openstack_compute_instance_v2",
      "name": "node1",
      "provider": "provider[\"registry.terraform.io/terraform-provider-openstack/openstack\"]",
      "instances": [
        {
          "schema_version": 0,
          "attributes": {
            "access_ip_v4": "192.168.254.21",
            "access_ip_v6": "",
            "admin_pass": null,
            "all_metadata": {},
            "all_tags": [],
            "availability_zone": "nova",
            "availability_zone_hints": null,
            "block_device": [],
            "config_drive": null,
            "created": "2025-01-30 14:49:51 +0000 UTC",
            "flavor_id": "2",
            "flavor_name": "m1.small",
            "force_delete": false,
            "id": "d54d5678-2db1-436a-8192-1c34d5e81d95",
            "image_id": "1404d277-1fd2-4682-9fbd-80c7d05b80e1",
            "image_name": "ubuntu-22.04-jammy-server-cloud-image-amd64",
            "key_pair": "projectone",
            "metadata": null,
            "name": "node1",
            "network": [
              {
                "access_network": false,
                "fixed_ip_v4": "192.168.254.21",
                "fixed_ip_v6": "",
                "mac": "fa:16:3e:63:66:0d",
                "name": "projekt-net",
                "port": "80015daf-b9a9-4573-9242-2eb5013d53a0",
                "uuid": "026f8f83-c0ba-47d2-9805-2a6059105a78"
              }
            ],
            "network_mode": null,
            "personality": [],
            "power_state": "active",
            "region": "RegionOne",
            "scheduler_hints": [],
            "security_groups": [
              "Konstruct-secgroup2"
            ],
            "stop_before_destroy": false,
            "tags": null,
            "timeouts": null,
            "updated": "2025-01-30 14:49:58 +0000 UTC",
            "user_data": "794645592a0a4cb7139938df5df98bf6622a726d",
            "vendor_options": []
          },
          "sensitive_attributes": [
            [
              {
                "type": "get_attr",
                "value": "admin_pass"
              }
            ]
          ],
          "private": "eyJlMmJmYjczMC1lY2FhLTExZTYtOGY4OC0zNDM2M2JjN2M0YzAiOnsiY3JlYXRlIjoxODAwMDAwMDAwMDAwLCJkZWxldGUiOjE4MDAwMDAwMDAwMDAsInVwZGF0ZSI6MTgwMDAwMDAwMDAwMH19",
          "dependencies": [
            "openstack_compute_keypair_v2.terraform-keypair",
            "openstack_networking_network_v2.terraform-network-1",
            "openstack_networking_port_v2.port_node-1",
            "openstack_networking_secgroup_v2.terraform-secgroup2",
            "openstack_networking_subnet_v2.terraform-subnet-1"
          ]
        }
      ]
    },
    {
      "mode": "managed",
      "type": "openstack_compute_instance_v2",
      "name": "node2",
      "provider": "provider[\"registry.terraform.io/terraform-provider-openstack/openstack\"]",
      "instances": [
        {
          "schema_version": 0,
          "attributes": {
            "access_ip_v4": "192.168.254.22",
            "access_ip_v6": "",
            "admin_pass": null,
            "all_metadata": {},
            "all_tags": [],
            "availability_zone": "nova",
            "availability_zone_hints": null,
            "block_device": [],
            "config_drive": null,
            "created": "2025-01-30 14:49:50 +0000 UTC",
            "flavor_id": "2",
            "flavor_name": "m1.small",
            "force_delete": false,
            "id": "0a6aa8bc-9eed-4902-9434-bdd2f087e2a2",
            "image_id": "1404d277-1fd2-4682-9fbd-80c7d05b80e1",
            "image_name": "ubuntu-22.04-jammy-server-cloud-image-amd64",
            "key_pair": "projectone",
            "metadata": null,
            "name": "node2",
            "network": [
              {
                "access_network": false,
                "fixed_ip_v4": "192.168.254.22",
                "fixed_ip_v6": "",
                "mac": "fa:16:3e:85:ff:26",
                "name": "projekt-net",
                "port": "1f741702-84a0-4d15-8058-2eac32707854",
                "uuid": "026f8f83-c0ba-47d2-9805-2a6059105a78"
              }
            ],
            "network_mode": null,
            "personality": [],
            "power_state": "active",
            "region": "RegionOne",
            "scheduler_hints": [],
            "security_groups": [
              "Konstruct-secgroup2"
            ],
            "stop_before_destroy": false,
            "tags": null,
            "timeouts": null,
            "updated": "2025-01-30 14:50:01 +0000 UTC",
            "user_data": "041f536d57fb0f67981ba4843a8bb9942c5273c2",
            "vendor_options": []
          },
          "sensitive_attributes": [
            [
              {
                "type": "get_attr",
                "value": "admin_pass"
              }
            ]
          ],
          "private": "eyJlMmJmYjczMC1lY2FhLTExZTYtOGY4OC0zNDM2M2JjN2M0YzAiOnsiY3JlYXRlIjoxODAwMDAwMDAwMDAwLCJkZWxldGUiOjE4MDAwMDAwMDAwMDAsInVwZGF0ZSI6MTgwMDAwMDAwMDAwMH19",
          "dependencies": [
            "openstack_compute_keypair_v2.terraform-keypair",
            "openstack_networking_network_v2.terraform-network-1",
            "openstack_networking_port_v2.port_node-2",
            "openstack_networking_secgroup_v2.terraform-secgroup2",
            "openstack_networking_subnet_v2.terraform-subnet-1"
          ]
        }
      ]
    },
    {
      "mode": "managed",
      "type": "openstack_compute_instance_v2",
      "name": "node3",
      "provider": "provider[\"registry.terraform.io/terraform-provider-openstack/openstack\"]",
      "instances": [
        {
          "schema_version": 0,
          "attributes": {
            "access_ip_v4": "192.168.254.23",
            "access_ip_v6": "",
            "admin_pass": null,
            "all_metadata": {},
            "all_tags": [],
            "availability_zone": "nova",
            "availability_zone_hints": null,
            "block_device": [],
            "config_drive": null,
            "created": "2025-01-30 14:49:51 +0000 UTC",
            "flavor_id": "2",
            "flavor_name": "m1.small",
            "force_delete": false,
            "id": "19a0dfa8-8bee-4127-989e-8b1611a28141",
            "image_id": "1404d277-1fd2-4682-9fbd-80c7d05b80e1",
            "image_name": "ubuntu-22.04-jammy-server-cloud-image-amd64",
            "key_pair": "projectone",
            "metadata": null,
            "name": "node3",
            "network": [
              {
                "access_network": false,
                "fixed_ip_v4": "192.168.254.23",
                "fixed_ip_v6": "",
                "mac": "fa:16:3e:e1:13:9f",
                "name": "projekt-net",
                "port": "04adf526-646b-4e39-ac88-d25b39e82ea9",
                "uuid": "026f8f83-c0ba-47d2-9805-2a6059105a78"
              }
            ],
            "network_mode": null,
            "personality": [],
            "power_state": "active",
            "region": "RegionOne",
            "scheduler_hints": [],
            "security_groups": [
              "Konstruct-secgroup2"
            ],
            "stop_before_destroy": false,
            "tags": null,
            "timeouts": null,
            "updated": "2025-01-30 14:50:01 +0000 UTC",
            "user_data": "67c523678c6d24f2d74a5baef2aa656d8f57c587",
            "vendor_options": []
          },
          "sensitive_attributes": [
            [
              {
                "type": "get_attr",
                "value": "admin_pass"
              }
            ]
          ],
          "private": "eyJlMmJmYjczMC1lY2FhLTExZTYtOGY4OC0zNDM2M2JjN2M0YzAiOnsiY3JlYXRlIjoxODAwMDAwMDAwMDAwLCJkZWxldGUiOjE4MDAwMDAwMDAwMDAsInVwZGF0ZSI6MTgwMDAwMDAwMDAwMH19",
          "dependencies": [
            "openstack_compute_keypair_v2.terraform-keypair",
            "openstack_networking_network_v2.terraform-network-1",
            "openstack_networking_port_v2.port_node-3",
            "openstack_networking_secgroup_v2.terraform-secgroup2",
            "openstack_networking_subnet_v2.terraform-subnet-1"
          ]
        }
      ]
    },
    {
      "mode": "managed",
      "type": "openstack_compute_keypair_v2",
      "name": "terraform-keypair",
      "provider": "provider[\"registry.terraform.io/terraform-provider-openstack/openstack\"]",
      "instances": [
        {
          "schema_version": 0,
          "attributes": {
            "fingerprint": "09:dd:7f:6e:40:08:83:c8:2c:66:c1:04:d8:34:b0:59",
            "id": "projectone",
            "name": "projectone",
            "private_key": "-----BEGIN RSA PRIVATE KEY-----\nMIIEpAIBAAKCAQEA1OQSgzhKpUofhtoHz0qTnSxCg+89RfuNy9ez5H3Pg0oFSn2n\n8yf4KQhR8mLZsIcFe3hR0R340/aa+CDWLxzQUHi7rqXPK/OmOe08uREFc60ahnqZ\nxC4FGYWT5PIGj7BKsTndms3qnV8PBEOW+8Lha0ucz5Bmnw+GlrZ5vGwacyxJ9zmj\n814U7rqEmYx/QYJNAvuQNa00tTFZfGCZs9MSft54HqXL7lfsZA19T3XZ4v9vM3Z8\nu+wCrEg28wns6X+nFr8OUBjMyeVr63AQN92pVaDK5JVM31j3OTfGTIRVUCSEsLB4\n3YtZxBdhEQA6kX2EFwOd+JdJGm5iQUzv4a9EOQIDAQABAoIBAAcLQLI5QtMFUWbc\naxZVZTJcOixjK6R5tUOaNMuHqXmQTWQMR5TDW+UrIoow4MgupnE4gNbr+YVXgIxK\nEy9b0AGisMLLWVmnTqoAu+8/yzqNbuDhnhEvS7DmqA+1Cn2JN0zLSHQbX+WMpDTK\nJTFAVj1lbsaGLx12zIu6H/z3ZgzG2xgh83qUfWr59QgqBRlcwyLi5TlkX9kdXlIV\nc+2rHtEZyeScyyGUkWkjRwozB4yTTMKyk4HKtXdoMLj4f5/wjChjvsmygC6Yvs68\npQQr7WOMON3COplB89Fqv+tn9ZV9Ez74w1mocKLs9Z63459lwnlJ8mt5p4qR+VNu\nN30dWVcCgYEA1bbNV2qgbLlH3o0sqLDZXSvYqnQ0Gi5/HEmz0OuR0vYWSQoJapOX\nVjUftACXC32qdbpvSgYY5Y6m2qcGGUMdWAqdOgMUSVz4R9hTnsWk6auBXoZ4+73v\nDopGYKJ3gz0seCvcCs4GkLy2su89gT/Get6aY/mRGgXK3PHEY7RLy1MCgYEA/wOT\nInZuDBHeRNlZAsmglBydB983QxiQ9ViLBrl76qsHovxB1jcFMeWKrf4HMydJcaPT\n2K/vhvniNsViLs87NVqKrMoyB+z+840YBoP89gx6qhgldai8sZrxogM8ucGm2kmm\ngMAmVP16H8TUHOX+U5ZDreUG5/KxA+M25o32jMMCgYAJWWTkRRrdhsF5H+3rN0lb\nBRcGZez9lDklUKgYJKYNd4yEB3df/TLqp4pKgpgY/ZdebRh/QYMHT9VGzXW71y7K\ncjRsnEPf7bxC0FjgIj9TpZgUPYe/Y5C4rx3jDlhyGlP+sdR/eIHbBRZs/4BOTi7t\nox1X8EwDumskfUMdJX8HVwKBgQCnknjH55yuz7sH8O7dtxKO4TKK7rIIpAb1Qcax\nl4cHEHYHMs4sbqE6RYTYipm+km1fgHD/7bRvNJritNesvL5CdAm2O3Oe46ww7KFB\n/s9l+5NLXGyZIVVFO/TWKlxoEAmNXWJNLnbB2IK8h4F+r99sm8xDY8Ei/8Y0MMVt\nwRGnMwKBgQDTZ6CNdtNLA8sULpvZ2acm/5VAXA/YmeiRcIlKKQGDDdHP1ZyRrJZO\nq6IR/BHu97b4DS8bhT+A6HClVftPS0qhWAye97v9aKIh/AkAoD0WvD4AhldsSqn0\n+tZbHdvwmBDd+ESMWjILX1hjRTwnJ25Rl9yEnBLB9+3Ffm4jucivPg==\n-----END RSA PRIVATE KEY-----\n",
            "public_key": "ssh-rsa AAAAB3NzaC1yc2EAAAADAQABAAABAQDU5BKDOEqlSh+G2gfPSpOdLEKD7z1F+43L17Pkfc+DSgVKfafzJ/gpCFHyYtmwhwV7eFHRHfjT9pr4INYvHNBQeLuupc8r86Y57Ty5EQVzrRqGepnELgUZhZPk8gaPsEqxOd2azeqdXw8EQ5b7wuFrS5zPkGafD4aWtnm8bBpzLEn3OaPzXhTuuoSZjH9Bgk0C+5A1rTS1MVl8YJmz0xJ+3ngepcvuV+xkDX1Pddni/28zdny77AKsSDbzCezpf6cWvw5QGMzJ5WvrcBA33alVoMrklUzfWPc5N8ZMhFVQJISwsHjdi1nEF2ERADqRfYQXA534l0kabmJBTO/hr0Q5 Generated-by-Nova",
            "region": "RegionOne",
            "user_id": "",
            "value_specs": null
          },
          "sensitive_attributes": [
            [
              {
                "type": "get_attr",
                "value": "private_key"
              }
            ]
          ],
          "private": "bnVsbA=="
        }
      ]
    },
    {
      "mode": "managed",
      "type": "openstack_lb_listener_v2",
      "name": "plngx_listener",
      "provider": "provider[\"registry.terraform.io/terraform-provider-openstack/openstack\"]",
      "instances": [
        {
          "schema_version": 0,
          "attributes": {
            "admin_state_up": true,
            "allowed_cidrs": null,
            "alpn_protocols": [],
            "client_authentication": "NONE",
            "client_ca_tls_container_ref": "",
            "client_crl_container_ref": "",
            "connection_limit": -1,
            "default_pool_id": "",
            "default_tls_container_ref": "",
            "description": "",
            "hsts_include_subdomains": false,
            "hsts_max_age": 0,
            "hsts_preload": false,
            "id": "2acd10a9-4bab-4484-9526-8486867f241d",
            "insert_headers": null,
            "loadbalancer_id": "86f512d4-9f8b-4274-9cef-88005e67ba8d",
            "name": "paperless-listener",
            "protocol": "HTTP",
            "protocol_port": 8000,
            "region": "RegionOne",
            "sni_container_refs": null,
            "tags": null,
            "tenant_id": "12d2cf68600f4cb784ec52fa5281447e",
            "timeout_client_data": 50000,
            "timeout_member_connect": 5000,
            "timeout_member_data": 50000,
            "timeout_tcp_inspect": 0,
            "timeouts": null,
            "tls_ciphers": "",
            "tls_versions": []
          },
          "sensitive_attributes": [],
          "private": "eyJlMmJmYjczMC1lY2FhLTExZTYtOGY4OC0zNDM2M2JjN2M0YzAiOnsiY3JlYXRlIjo2MDAwMDAwMDAwMDAsImRlbGV0ZSI6NjAwMDAwMDAwMDAwLCJ1cGRhdGUiOjYwMDAwMDAwMDAwMH19",
          "dependencies": [
            "openstack_lb_loadbalancer_v2.plngx_lb",
            "openstack_networking_network_v2.terraform-network-1",
            "openstack_networking_subnet_v2.terraform-subnet-1"
          ]
        }
      ]
    },
    {
      "mode": "managed",
      "type": "openstack_lb_loadbalancer_v2",
      "name": "plngx_lb",
      "provider": "provider[\"registry.terraform.io/terraform-provider-openstack/openstack\"]",
      "instances": [
        {
          "schema_version": 0,
          "attributes": {
            "admin_state_up": true,
            "availability_zone": "",
            "description": "",
            "flavor_id": "",
            "id": "86f512d4-9f8b-4274-9cef-88005e67ba8d",
            "loadbalancer_provider": "amphora",
            "name": "paperless-lb",
            "region": "RegionOne",
            "security_group_ids": [
              "343e9bf4-1551-48c7-9cbe-363171c0aaa5"
            ],
            "tags": null,
            "tenant_id": "12d2cf68600f4cb784ec52fa5281447e",
            "timeouts": null,
            "vip_address": "192.168.254.109",
            "vip_network_id": "026f8f83-c0ba-47d2-9805-2a6059105a78",
            "vip_port_id": "9fabef43-33a0-4d4b-837b-3c8b41218b0f",
            "vip_qos_policy_id": "",
            "vip_subnet_id": "a88792ab-07e9-4cda-ad01-1d59e7a051bb"
          },
          "sensitive_attributes": [],
          "private": "eyJlMmJmYjczMC1lY2FhLTExZTYtOGY4OC0zNDM2M2JjN2M0YzAiOnsiY3JlYXRlIjo2MDAwMDAwMDAwMDAsImRlbGV0ZSI6MzAwMDAwMDAwMDAwLCJ1cGRhdGUiOjYwMDAwMDAwMDAwMH19",
          "dependencies": [
            "openstack_networking_network_v2.terraform-network-1",
            "openstack_networking_subnet_v2.terraform-subnet-1"
          ]
        }
      ]
    },
    {
      "mode": "managed",
      "type": "openstack_lb_member_v2",
      "name": "node1",
      "provider": "provider[\"registry.terraform.io/terraform-provider-openstack/openstack\"]",
      "instances": [
        {
          "schema_version": 0,
          "attributes": {
            "address": "192.168.254.21",
            "admin_state_up": true,
            "backup": false,
            "id": "b9208110-2ae0-4c70-8fec-7a539eb7341a",
            "monitor_address": "",
            "monitor_port": 0,
            "name": "",
            "pool_id": "cab26be5-ebda-4e73-92cf-13272aeda87d",
            "protocol_port": 8000,
            "region": "RegionOne",
            "subnet_id": "a88792ab-07e9-4cda-ad01-1d59e7a051bb",
            "tags": null,
            "tenant_id": "12d2cf68600f4cb784ec52fa5281447e",
            "timeouts": null,
            "weight": 1
          },
          "sensitive_attributes": [],
          "private": "eyJlMmJmYjczMC1lY2FhLTExZTYtOGY4OC0zNDM2M2JjN2M0YzAiOnsiY3JlYXRlIjo2MDAwMDAwMDAwMDAsImRlbGV0ZSI6NjAwMDAwMDAwMDAwLCJ1cGRhdGUiOjYwMDAwMDAwMDAwMH19",
          "dependencies": [
            "openstack_lb_listener_v2.plngx_listener",
            "openstack_lb_loadbalancer_v2.plngx_lb",
            "openstack_lb_pool_v2.plngx_pool",
            "openstack_networking_network_v2.terraform-network-1",
            "openstack_networking_subnet_v2.terraform-subnet-1"
          ]
        }
      ]
    },
    {
      "mode": "managed",
      "type": "openstack_lb_member_v2",
      "name": "node2",
      "provider": "provider[\"registry.terraform.io/terraform-provider-openstack/openstack\"]",
      "instances": [
        {
          "schema_version": 0,
          "attributes": {
            "address": "192.168.254.22",
            "admin_state_up": true,
            "backup": false,
            "id": "21a9665e-1d6e-4fe5-a60d-4f6eba0c275e",
            "monitor_address": "",
            "monitor_port": 0,
            "name": "",
            "pool_id": "cab26be5-ebda-4e73-92cf-13272aeda87d",
            "protocol_port": 8000,
            "region": "RegionOne",
            "subnet_id": "a88792ab-07e9-4cda-ad01-1d59e7a051bb",
            "tags": null,
            "tenant_id": "12d2cf68600f4cb784ec52fa5281447e",
            "timeouts": null,
            "weight": 1
          },
          "sensitive_attributes": [],
          "private": "eyJlMmJmYjczMC1lY2FhLTExZTYtOGY4OC0zNDM2M2JjN2M0YzAiOnsiY3JlYXRlIjo2MDAwMDAwMDAwMDAsImRlbGV0ZSI6NjAwMDAwMDAwMDAwLCJ1cGRhdGUiOjYwMDAwMDAwMDAwMH19",
          "dependencies": [
            "openstack_lb_listener_v2.plngx_listener",
            "openstack_lb_loadbalancer_v2.plngx_lb",
            "openstack_lb_pool_v2.plngx_pool",
            "openstack_networking_network_v2.terraform-network-1",
            "openstack_networking_subnet_v2.terraform-subnet-1"
          ]
        }
      ]
    },
    {
      "mode": "managed",
      "type": "openstack_lb_member_v2",
      "name": "node3",
      "provider": "provider[\"registry.terraform.io/terraform-provider-openstack/openstack\"]",
      "instances": [
        {
          "schema_version": 0,
          "attributes": {
            "address": "192.168.254.23",
            "admin_state_up": true,
            "backup": false,
            "id": "36d6e031-4cff-451d-869b-b0845b702ce6",
            "monitor_address": "",
            "monitor_port": 0,
            "name": "",
            "pool_id": "cab26be5-ebda-4e73-92cf-13272aeda87d",
            "protocol_port": 8000,
            "region": "RegionOne",
            "subnet_id": "a88792ab-07e9-4cda-ad01-1d59e7a051bb",
            "tags": null,
            "tenant_id": "12d2cf68600f4cb784ec52fa5281447e",
            "timeouts": null,
            "weight": 1
          },
          "sensitive_attributes": [],
          "private": "eyJlMmJmYjczMC1lY2FhLTExZTYtOGY4OC0zNDM2M2JjN2M0YzAiOnsiY3JlYXRlIjo2MDAwMDAwMDAwMDAsImRlbGV0ZSI6NjAwMDAwMDAwMDAwLCJ1cGRhdGUiOjYwMDAwMDAwMDAwMH19",
          "dependencies": [
            "openstack_lb_listener_v2.plngx_listener",
            "openstack_lb_loadbalancer_v2.plngx_lb",
            "openstack_lb_pool_v2.plngx_pool",
            "openstack_networking_network_v2.terraform-network-1",
            "openstack_networking_subnet_v2.terraform-subnet-1"
          ]
        }
      ]
    },
    {
      "mode": "managed",
      "type": "openstack_lb_pool_v2",
      "name": "plngx_pool",
      "provider": "provider[\"registry.terraform.io/terraform-provider-openstack/openstack\"]",
      "instances": [
        {
          "schema_version": 0,
          "attributes": {
            "admin_state_up": true,
            "alpn_protocols": [],
            "ca_tls_container_ref": "",
            "crl_container_ref": "",
            "description": "",
            "id": "cab26be5-ebda-4e73-92cf-13272aeda87d",
            "lb_method": "ROUND_ROBIN",
            "listener_id": "2acd10a9-4bab-4484-9526-8486867f241d",
            "loadbalancer_id": null,
            "name": "paperless-pool",
            "persistence": [],
            "protocol": "HTTP",
            "region": "RegionOne",
            "tags": null,
            "tenant_id": "12d2cf68600f4cb784ec52fa5281447e",
            "timeouts": null,
            "tls_ciphers": "",
            "tls_container_ref": "",
            "tls_enabled": false,
            "tls_versions": []
          },
          "sensitive_attributes": [],
          "private": "eyJlMmJmYjczMC1lY2FhLTExZTYtOGY4OC0zNDM2M2JjN2M0YzAiOnsiY3JlYXRlIjo2MDAwMDAwMDAwMDAsImRlbGV0ZSI6NjAwMDAwMDAwMDAwLCJ1cGRhdGUiOjYwMDAwMDAwMDAwMH19",
          "dependencies": [
            "openstack_lb_listener_v2.plngx_listener",
            "openstack_lb_loadbalancer_v2.plngx_lb",
            "openstack_networking_network_v2.terraform-network-1",
            "openstack_networking_subnet_v2.terraform-subnet-1"
          ]
        }
      ]
    },
    {
      "mode": "managed",
      "type": "openstack_networking_floatingip_v2",
      "name": "fip_1",
      "provider": "provider[\"registry.terraform.io/terraform-provider-openstack/openstack\"]",
      "instances": [
        {
          "schema_version": 0,
          "attributes": {
            "address": "10.32.7.151",
            "all_tags": [],
            "description": "",
            "dns_domain": "",
            "dns_name": "",
            "fixed_ip": "192.168.254.21",
            "id": "309b0a94-1d5c-4d2d-b17f-4b001cbb6d14",
            "pool": "ext_net",
            "port_id": "80015daf-b9a9-4573-9242-2eb5013d53a0",
            "region": "RegionOne",
            "subnet_id": null,
            "subnet_ids": null,
            "tags": null,
            "tenant_id": "12d2cf68600f4cb784ec52fa5281447e",
            "timeouts": null,
            "value_specs": null
          },
          "sensitive_attributes": [],
          "private": "eyJlMmJmYjczMC1lY2FhLTExZTYtOGY4OC0zNDM2M2JjN2M0YzAiOnsiY3JlYXRlIjo2MDAwMDAwMDAwMDAsImRlbGV0ZSI6NjAwMDAwMDAwMDAwfX0=",
          "dependencies": [
            "data.openstack_networking_port_v2.port-1",
            "openstack_compute_instance_v2.node1",
            "openstack_compute_keypair_v2.terraform-keypair",
            "openstack_networking_network_v2.terraform-network-1",
            "openstack_networking_port_v2.port_node-1",
            "openstack_networking_secgroup_v2.terraform-secgroup2",
            "openstack_networking_subnet_v2.terraform-subnet-1"
          ]
        }
      ]
    },
    {
      "mode": "managed",
      "type": "openstack_networking_network_v2",
      "name": "terraform-network-1",
      "provider": "provider[\"registry.terraform.io/terraform-provider-openstack/openstack\"]",
      "instances": [
        {
          "schema_version": 0,
          "attributes": {
            "admin_state_up": true,
            "all_tags": [],
            "availability_zone_hints": [],
            "description": "",
            "dns_domain": "",
            "external": false,
            "id": "026f8f83-c0ba-47d2-9805-2a6059105a78",
            "mtu": 1442,
            "name": "projekt-net",
            "port_security_enabled": true,
            "qos_policy_id": "",
            "region": "RegionOne",
            "segments": [],
            "shared": false,
            "tags": null,
            "tenant_id": "12d2cf68600f4cb784ec52fa5281447e",
            "timeouts": null,
            "transparent_vlan": false,
            "value_specs": null
          },
          "sensitive_attributes": [],
          "private": "eyJlMmJmYjczMC1lY2FhLTExZTYtOGY4OC0zNDM2M2JjN2M0YzAiOnsiY3JlYXRlIjo2MDAwMDAwMDAwMDAsImRlbGV0ZSI6NjAwMDAwMDAwMDAwfX0="
        }
      ]
    },
    {
      "mode": "managed",
      "type": "openstack_networking_port_v2",
      "name": "port_mgmt",
      "provider": "provider[\"registry.terraform.io/terraform-provider-openstack/openstack\"]",
      "instances": [
        {
          "schema_version": 0,
          "attributes": {
            "admin_state_up": true,
            "all_fixed_ips": [
              "192.168.254.10"
            ],
            "all_security_group_ids": [
              "3a994aa3-acff-46b8-afcc-cedac9ba2e38"
            ],
            "all_tags": [],
            "allowed_address_pairs": [],
            "binding": [
              {
                "host_id": "",
                "profile": "",
                "vif_details": {},
                "vif_type": "",
                "vnic_type": "normal"
              }
            ],
            "description": "",
            "device_id": "",
            "device_owner": "",
            "dns_assignment": [],
            "dns_name": "",
            "extra_dhcp_option": [],
            "fixed_ip": [
              {
                "ip_address": "192.168.254.10",
                "subnet_id": "a88792ab-07e9-4cda-ad01-1d59e7a051bb"
              }
            ],
            "id": "3fe1f32b-196a-4d0d-ae7e-4be7cd1dead8",
            "mac_address": "fa:16:3e:b7:9f:1d",
            "name": "port_mgmt",
            "network_id": "026f8f83-c0ba-47d2-9805-2a6059105a78",
            "no_fixed_ip": null,
            "no_security_groups": null,
            "port_security_enabled": true,
            "qos_policy_id": "",
            "region": "RegionOne",
            "security_group_ids": null,
            "tags": null,
            "tenant_id": "12d2cf68600f4cb784ec52fa5281447e",
            "timeouts": null,
            "value_specs": null
          },
          "sensitive_attributes": [],
          "private": "eyJlMmJmYjczMC1lY2FhLTExZTYtOGY4OC0zNDM2M2JjN2M0YzAiOnsiY3JlYXRlIjo2MDAwMDAwMDAwMDAsImRlbGV0ZSI6NjAwMDAwMDAwMDAwfX0=",
          "dependencies": [
            "openstack_networking_network_v2.terraform-network-1",
            "openstack_networking_subnet_v2.terraform-subnet-1"
          ]
        }
      ]
    },
    {
      "mode": "managed",
      "type": "openstack_networking_port_v2",
      "name": "port_node-1",
      "provider": "provider[\"registry.terraform.io/terraform-provider-openstack/openstack\"]",
      "instances": [
        {
          "schema_version": 0,
          "attributes": {
            "admin_state_up": true,
            "all_fixed_ips": [
              "192.168.254.21"
            ],
            "all_security_group_ids": [
              "3a994aa3-acff-46b8-afcc-cedac9ba2e38"
            ],
            "all_tags": [],
            "allowed_address_pairs": [],
            "binding": [
              {
                "host_id": "",
                "profile": "",
                "vif_details": {},
                "vif_type": "",
                "vnic_type": "normal"
              }
            ],
            "description": "",
            "device_id": "",
            "device_owner": "",
            "dns_assignment": [],
            "dns_name": "",
            "extra_dhcp_option": [],
            "fixed_ip": [
              {
                "ip_address": "192.168.254.21",
                "subnet_id": "a88792ab-07e9-4cda-ad01-1d59e7a051bb"
              }
            ],
            "id": "80015daf-b9a9-4573-9242-2eb5013d53a0",
            "mac_address": "fa:16:3e:63:66:0d",
            "name": "port_node-1",
            "network_id": "026f8f83-c0ba-47d2-9805-2a6059105a78",
            "no_fixed_ip": null,
            "no_security_groups": null,
            "port_security_enabled": true,
            "qos_policy_id": "",
            "region": "RegionOne",
            "security_group_ids": null,
            "tags": null,
            "tenant_id": "12d2cf68600f4cb784ec52fa5281447e",
            "timeouts": null,
            "value_specs": null
          },
          "sensitive_attributes": [],
          "private": "eyJlMmJmYjczMC1lY2FhLTExZTYtOGY4OC0zNDM2M2JjN2M0YzAiOnsiY3JlYXRlIjo2MDAwMDAwMDAwMDAsImRlbGV0ZSI6NjAwMDAwMDAwMDAwfX0=",
          "dependencies": [
            "openstack_networking_network_v2.terraform-network-1",
            "openstack_networking_subnet_v2.terraform-subnet-1"
          ]
        }
      ]
    },
    {
      "mode": "managed",
      "type": "openstack_networking_port_v2",
      "name": "port_node-2",
      "provider": "provider[\"registry.terraform.io/terraform-provider-openstack/openstack\"]",
      "instances": [
        {
          "schema_version": 0,
          "attributes": {
            "admin_state_up": true,
            "all_fixed_ips": [
              "192.168.254.22"
            ],
            "all_security_group_ids": [
              "3a994aa3-acff-46b8-afcc-cedac9ba2e38"
            ],
            "all_tags": [],
            "allowed_address_pairs": [],
            "binding": [
              {
                "host_id": "",
                "profile": "",
                "vif_details": {},
                "vif_type": "",
                "vnic_type": "normal"
              }
            ],
            "description": "",
            "device_id": "",
            "device_owner": "",
            "dns_assignment": [],
            "dns_name": "",
            "extra_dhcp_option": [],
            "fixed_ip": [
              {
                "ip_address": "192.168.254.22",
                "subnet_id": "a88792ab-07e9-4cda-ad01-1d59e7a051bb"
              }
            ],
            "id": "1f741702-84a0-4d15-8058-2eac32707854",
            "mac_address": "fa:16:3e:85:ff:26",
            "name": "port_node-2",
            "network_id": "026f8f83-c0ba-47d2-9805-2a6059105a78",
            "no_fixed_ip": null,
            "no_security_groups": null,
            "port_security_enabled": true,
            "qos_policy_id": "",
            "region": "RegionOne",
            "security_group_ids": null,
            "tags": null,
            "tenant_id": "12d2cf68600f4cb784ec52fa5281447e",
            "timeouts": null,
            "value_specs": null
          },
          "sensitive_attributes": [],
          "private": "eyJlMmJmYjczMC1lY2FhLTExZTYtOGY4OC0zNDM2M2JjN2M0YzAiOnsiY3JlYXRlIjo2MDAwMDAwMDAwMDAsImRlbGV0ZSI6NjAwMDAwMDAwMDAwfX0=",
          "dependencies": [
            "openstack_networking_network_v2.terraform-network-1",
            "openstack_networking_subnet_v2.terraform-subnet-1"
          ]
        }
      ]
    },
    {
      "mode": "managed",
      "type": "openstack_networking_port_v2",
      "name": "port_node-3",
      "provider": "provider[\"registry.terraform.io/terraform-provider-openstack/openstack\"]",
      "instances": [
        {
          "schema_version": 0,
          "attributes": {
            "admin_state_up": true,
            "all_fixed_ips": [
              "192.168.254.23"
            ],
            "all_security_group_ids": [
              "3a994aa3-acff-46b8-afcc-cedac9ba2e38"
            ],
            "all_tags": [],
            "allowed_address_pairs": [],
            "binding": [
              {
                "host_id": "",
                "profile": "",
                "vif_details": {},
                "vif_type": "",
                "vnic_type": "normal"
              }
            ],
            "description": "",
            "device_id": "",
            "device_owner": "",
            "dns_assignment": [],
            "dns_name": "",
            "extra_dhcp_option": [],
            "fixed_ip": [
              {
                "ip_address": "192.168.254.23",
                "subnet_id": "a88792ab-07e9-4cda-ad01-1d59e7a051bb"
              }
            ],
            "id": "04adf526-646b-4e39-ac88-d25b39e82ea9",
            "mac_address": "fa:16:3e:e1:13:9f",
            "name": "port_node-3",
            "network_id": "026f8f83-c0ba-47d2-9805-2a6059105a78",
            "no_fixed_ip": null,
            "no_security_groups": null,
            "port_security_enabled": true,
            "qos_policy_id": "",
            "region": "RegionOne",
            "security_group_ids": null,
            "tags": null,
            "tenant_id": "12d2cf68600f4cb784ec52fa5281447e",
            "timeouts": null,
            "value_specs": null
          },
          "sensitive_attributes": [],
          "private": "eyJlMmJmYjczMC1lY2FhLTExZTYtOGY4OC0zNDM2M2JjN2M0YzAiOnsiY3JlYXRlIjo2MDAwMDAwMDAwMDAsImRlbGV0ZSI6NjAwMDAwMDAwMDAwfX0=",
          "dependencies": [
            "openstack_networking_network_v2.terraform-network-1",
            "openstack_networking_subnet_v2.terraform-subnet-1"
          ]
        }
      ]
    },
    {
      "mode": "managed",
      "type": "openstack_networking_router_interface_v2",
      "name": "router_interface_1",
      "provider": "provider[\"registry.terraform.io/terraform-provider-openstack/openstack\"]",
      "instances": [
        {
          "schema_version": 0,
          "attributes": {
            "force_destroy": false,
            "id": "2fa17d9a-7e76-4013-833e-6d30d8559388",
            "port_id": "2fa17d9a-7e76-4013-833e-6d30d8559388",
            "region": "RegionOne",
            "router_id": "c4de82ec-9ee6-46f7-8393-59e4dabafa8c",
            "subnet_id": "a88792ab-07e9-4cda-ad01-1d59e7a051bb",
            "timeouts": null
          },
          "sensitive_attributes": [],
          "private": "eyJlMmJmYjczMC1lY2FhLTExZTYtOGY4OC0zNDM2M2JjN2M0YzAiOnsiY3JlYXRlIjo2MDAwMDAwMDAwMDAsImRlbGV0ZSI6NjAwMDAwMDAwMDAwfX0=",
          "dependencies": [
            "data.openstack_networking_router_v2.router-1",
            "openstack_networking_network_v2.terraform-network-1",
            "openstack_networking_subnet_v2.terraform-subnet-1"
          ]
        }
      ]
    },
    {
      "mode": "managed",
      "type": "openstack_networking_secgroup_rule_v2",
      "name": "terraform-secgroup-rule-gluster-brick",
      "provider": "provider[\"registry.terraform.io/terraform-provider-openstack/openstack\"]",
      "instances": [
        {
          "schema_version": 0,
          "attributes": {
            "description": "",
            "direction": "ingress",
            "ethertype": "IPv4",
            "id": "40ef682b-fc0a-4d3c-9317-0be2a014f698",
            "port_range_max": 49156,
            "port_range_min": 49152,
            "protocol": "tcp",
            "region": "RegionOne",
            "remote_group_id": "",
            "remote_ip_prefix": "",
            "security_group_id": "7930c58e-d42a-4e9a-92ef-1fb085c79cef",
            "tenant_id": "12d2cf68600f4cb784ec52fa5281447e",
            "timeouts": null
          },
          "sensitive_attributes": [],
          "private": "eyJlMmJmYjczMC1lY2FhLTExZTYtOGY4OC0zNDM2M2JjN2M0YzAiOnsiZGVsZXRlIjo2MDAwMDAwMDAwMDB9fQ==",
          "dependencies": [
            "openstack_networking_secgroup_v2.terraform-secgroup2"
          ]
        }
      ]
    },
    {
      "mode": "managed",
      "type": "openstack_networking_secgroup_rule_v2",
      "name": "terraform-secgroup-rule-gluster-comm",
      "provider": "provider[\"registry.terraform.io/terraform-provider-openstack/openstack\"]",
      "instances": [
        {
          "schema_version": 0,
          "attributes": {
            "description": "",
            "direction": "ingress",
            "ethertype": "IPv4",
            "id": "c50c1ce4-9866-4cf8-8a2d-c9cf4d411d55",
            "port_range_max": 24008,
            "port_range_min": 24008,
            "protocol": "tcp",
            "region": "RegionOne",
            "remote_group_id": "",
            "remote_ip_prefix": "",
            "security_group_id": "7930c58e-d42a-4e9a-92ef-1fb085c79cef",
            "tenant_id": "12d2cf68600f4cb784ec52fa5281447e",
            "timeouts": null
          },
          "sensitive_attributes": [],
          "private": "eyJlMmJmYjczMC1lY2FhLTExZTYtOGY4OC0zNDM2M2JjN2M0YzAiOnsiZGVsZXRlIjo2MDAwMDAwMDAwMDB9fQ==",
          "dependencies": [
            "openstack_networking_secgroup_v2.terraform-secgroup2"
          ]
        }
      ]
    },
    {
      "mode": "managed",
      "type": "openstack_networking_secgroup_rule_v2",
      "name": "terraform-secgroup-rule-gluster-comm-udp",
      "provider": "provider[\"registry.terraform.io/terraform-provider-openstack/openstack\"]",
      "instances": [
        {
          "schema_version": 0,
          "attributes": {
            "description": "",
            "direction": "ingress",
            "ethertype": "IPv4",
            "id": "f16b716a-e631-4c63-8f6f-a8157ff3adc5",
            "port_range_max": 24008,
            "port_range_min": 24008,
            "protocol": "udp",
            "region": "RegionOne",
            "remote_group_id": "",
            "remote_ip_prefix": "",
            "security_group_id": "7930c58e-d42a-4e9a-92ef-1fb085c79cef",
            "tenant_id": "12d2cf68600f4cb784ec52fa5281447e",
            "timeouts": null
          },
          "sensitive_attributes": [],
          "private": "eyJlMmJmYjczMC1lY2FhLTExZTYtOGY4OC0zNDM2M2JjN2M0YzAiOnsiZGVsZXRlIjo2MDAwMDAwMDAwMDB9fQ==",
          "dependencies": [
            "openstack_networking_secgroup_v2.terraform-secgroup2"
          ]
        }
      ]
    },
    {
      "mode": "managed",
      "type": "openstack_networking_secgroup_rule_v2",
      "name": "terraform-secgroup-rule-gluster-internal",
      "provider": "provider[\"registry.terraform.io/terraform-provider-openstack/openstack\"]",
      "instances": [
        {
          "schema_version": 0,
          "attributes": {
            "description": "",
            "direction": "ingress",
            "ethertype": "IPv4",
            "id": "2920b7b4-23d7-42e7-b7fe-f46638d50cb7",
            "port_range_max": 0,
            "port_range_min": 0,
            "protocol": "tcp",
            "region": "RegionOne",
            "remote_group_id": "",
            "remote_ip_prefix": "192.168.254.0/24",
            "security_group_id": "7930c58e-d42a-4e9a-92ef-1fb085c79cef",
            "tenant_id": "12d2cf68600f4cb784ec52fa5281447e",
            "timeouts": null
          },
          "sensitive_attributes": [],
          "private": "eyJlMmJmYjczMC1lY2FhLTExZTYtOGY4OC0zNDM2M2JjN2M0YzAiOnsiZGVsZXRlIjo2MDAwMDAwMDAwMDB9fQ==",
          "dependencies": [
            "openstack_networking_secgroup_v2.terraform-secgroup2"
          ]
        }
      ]
    },
    {
      "mode": "managed",
      "type": "openstack_networking_secgroup_rule_v2",
      "name": "terraform-secgroup-rule-gluster-mgmt",
      "provider": "provider[\"registry.terraform.io/terraform-provider-openstack/openstack\"]",
      "instances": [
        {
          "schema_version": 0,
          "attributes": {
            "description": "",
            "direction": "ingress",
            "ethertype": "IPv4",
            "id": "974d1495-9df3-416b-9935-3c35347aa62e",
            "port_range_max": 24007,
            "port_range_min": 24007,
            "protocol": "tcp",
            "region": "RegionOne",
            "remote_group_id": "",
            "remote_ip_prefix": "",
            "security_group_id": "7930c58e-d42a-4e9a-92ef-1fb085c79cef",
            "tenant_id": "12d2cf68600f4cb784ec52fa5281447e",
            "timeouts": null
          },
          "sensitive_attributes": [],
          "private": "eyJlMmJmYjczMC1lY2FhLTExZTYtOGY4OC0zNDM2M2JjN2M0YzAiOnsiZGVsZXRlIjo2MDAwMDAwMDAwMDB9fQ==",
          "dependencies": [
            "openstack_networking_secgroup_v2.terraform-secgroup2"
          ]
        }
      ]
    },
    {
      "mode": "managed",
      "type": "openstack_networking_secgroup_rule_v2",
      "name": "terraform-secgroup-rule-gluster-mgmt-udp",
      "provider": "provider[\"registry.terraform.io/terraform-provider-openstack/openstack\"]",
      "instances": [
        {
          "schema_version": 0,
          "attributes": {
            "description": "",
            "direction": "ingress",
            "ethertype": "IPv4",
            "id": "133a95d0-3a15-4d3c-ae39-27028dac23a2",
            "port_range_max": 24007,
            "port_range_min": 24007,
            "protocol": "udp",
            "region": "RegionOne",
            "remote_group_id": "",
            "remote_ip_prefix": "",
            "security_group_id": "7930c58e-d42a-4e9a-92ef-1fb085c79cef",
            "tenant_id": "12d2cf68600f4cb784ec52fa5281447e",
            "timeouts": null
          },
          "sensitive_attributes": [],
          "private": "eyJlMmJmYjczMC1lY2FhLTExZTYtOGY4OC0zNDM2M2JjN2M0YzAiOnsiZGVsZXRlIjo2MDAwMDAwMDAwMDB9fQ==",
          "dependencies": [
            "openstack_networking_secgroup_v2.terraform-secgroup2"
          ]
        }
      ]
    },
    {
      "mode": "managed",
      "type": "openstack_networking_secgroup_rule_v2",
      "name": "terraform-secgroup-rule-plngx",
      "provider": "provider[\"registry.terraform.io/terraform-provider-openstack/openstack\"]",
      "instances": [
        {
          "schema_version": 0,
          "attributes": {
            "description": "",
            "direction": "ingress",
            "ethertype": "IPv4",
            "id": "9e8bfd0e-b744-4344-8775-aaf06bc6c75f",
            "port_range_max": 8000,
            "port_range_min": 8000,
            "protocol": "tcp",
            "region": "RegionOne",
            "remote_group_id": "",
            "remote_ip_prefix": "0.0.0.0/0",
            "security_group_id": "7930c58e-d42a-4e9a-92ef-1fb085c79cef",
            "tenant_id": "12d2cf68600f4cb784ec52fa5281447e",
            "timeouts": null
          },
          "sensitive_attributes": [],
          "private": "eyJlMmJmYjczMC1lY2FhLTExZTYtOGY4OC0zNDM2M2JjN2M0YzAiOnsiZGVsZXRlIjo2MDAwMDAwMDAwMDB9fQ==",
          "dependencies": [
            "openstack_networking_secgroup_v2.terraform-secgroup2"
          ]
        }
      ]
    },
    {
      "mode": "managed",
      "type": "openstack_networking_secgroup_rule_v2",
      "name": "terraform-secgroup-rule-ssh",
      "provider": "provider[\"registry.terraform.io/terraform-provider-openstack/openstack\"]",
      "instances": [
        {
          "schema_version": 0,
          "attributes": {
            "description": "",
            "direction": "ingress",
            "ethertype": "IPv4",
            "id": "7a23134b-2060-4aa7-a472-f7f6bbf81694",
            "port_range_max": 22,
            "port_range_min": 22,
            "protocol": "tcp",
            "region": "RegionOne",
            "remote_group_id": "",
            "remote_ip_prefix": "0.0.0.0/0",
            "security_group_id": "7930c58e-d42a-4e9a-92ef-1fb085c79cef",
            "tenant_id": "12d2cf68600f4cb784ec52fa5281447e",
            "timeouts": null
          },
          "sensitive_attributes": [],
          "private": "eyJlMmJmYjczMC1lY2FhLTExZTYtOGY4OC0zNDM2M2JjN2M0YzAiOnsiZGVsZXRlIjo2MDAwMDAwMDAwMDB9fQ==",
          "dependencies": [
            "openstack_networking_secgroup_v2.terraform-secgroup2"
          ]
        }
      ]
    },
    {
      "mode": "managed",
      "type": "openstack_networking_secgroup_v2",
      "name": "terraform-secgroup2",
      "provider": "provider[\"registry.terraform.io/terraform-provider-openstack/openstack\"]",
      "instances": [
        {
          "schema_version": 0,
          "attributes": {
            "all_tags": [],
            "delete_default_rules": null,
            "description": "Konstruct",
            "id": "7930c58e-d42a-4e9a-92ef-1fb085c79cef",
            "name": "Konstruct-secgroup2",
            "region": "RegionOne",
            "stateful": true,
            "tags": null,
            "tenant_id": "12d2cf68600f4cb784ec52fa5281447e",
            "timeouts": null
          },
          "sensitive_attributes": [],
          "private": "eyJlMmJmYjczMC1lY2FhLTExZTYtOGY4OC0zNDM2M2JjN2M0YzAiOnsiZGVsZXRlIjo2MDAwMDAwMDAwMDB9fQ=="
        }
      ]
    },
    {
      "mode": "managed",
      "type": "openstack_networking_subnet_v2",
      "name": "terraform-subnet-1",
      "provider": "provider[\"registry.terraform.io/terraform-provider-openstack/openstack\"]",
      "instances": [
        {
          "schema_version": 0,
          "attributes": {
            "all_tags": [],
            "allocation_pool": [
              {
                "end": "192.168.254.254",
                "start": "192.168.254.2"
              }
            ],
            "cidr": "192.168.254.0/24",
            "description": "",
            "dns_nameservers": [
              "10.33.16.100",
              "8.8.8.8"
            ],
            "dns_publish_fixed_ip": false,
            "enable_dhcp": true,
            "gateway_ip": "192.168.254.1",
            "id": "a88792ab-07e9-4cda-ad01-1d59e7a051bb",
            "ip_version": 4,
            "ipv6_address_mode": "",
            "ipv6_ra_mode": "",
            "name": "projekt-subnet",
            "network_id": "026f8f83-c0ba-47d2-9805-2a6059105a78",
            "no_gateway": false,
            "prefix_length": null,
            "region": "RegionOne",
            "service_types": [],
            "subnetpool_id": "",
            "tags": null,
            "tenant_id": "12d2cf68600f4cb784ec52fa5281447e",
            "timeouts": null,
            "value_specs": null
          },
          "sensitive_attributes": [],
          "private": "eyJlMmJmYjczMC1lY2FhLTExZTYtOGY4OC0zNDM2M2JjN2M0YzAiOnsiY3JlYXRlIjo2MDAwMDAwMDAwMDAsImRlbGV0ZSI6NjAwMDAwMDAwMDAwfX0=",
          "dependencies": [
            "openstack_networking_network_v2.terraform-network-1"
          ]
        }
      ]
    }
  ],
  "check_results": null
}
